// !$*UTF8*$!
{
	archiveVersion = 1;
	classes = {
	};
	objectVersion = 45;
	objects = {

/* Begin PBXAggregateTarget section */
		93D50A37110D52C500E5D2F0 /* All */ = {
			isa = PBXAggregateTarget;
			buildConfigurationList = 93D50A49110D52E300E5D2F0 /* Build configuration list for PBXAggregateTarget "All" */;
			buildPhases = (
			);
			dependencies = (
				937F33981131CC0F0035B7EC /* PBXTargetDependency */,
				937F32B611319A400035B7EC /* PBXTargetDependency */,
				93D50A41110D52D000E5D2F0 /* PBXTargetDependency */,
				93D50A3F110D52D000E5D2F0 /* PBXTargetDependency */,
				93D50A3D110D52D000E5D2F0 /* PBXTargetDependency */,
				93D50A3B110D52D000E5D2F0 /* PBXTargetDependency */,
				934ECEB811162D2800F8C0E5 /* PBXTargetDependency */,
			);
			name = All;
			productName = All;
		};
/* End PBXAggregateTarget section */

/* Begin PBXBuildFile section */
		934ECE661116290500F8C0E5 /* BNRBackendCursor.m in Sources */ = {isa = PBXBuildFile; fileRef = 93D504D2110B883700E5D2F0 /* BNRBackendCursor.m */; };
		934ECE671116290500F8C0E5 /* BNRClassDictionary.mm in Sources */ = {isa = PBXBuildFile; fileRef = 93D504D4110B883700E5D2F0 /* BNRClassDictionary.mm */; };
		934ECE681116290500F8C0E5 /* BNRClassMetaData.m in Sources */ = {isa = PBXBuildFile; fileRef = 93D504D6110B883700E5D2F0 /* BNRClassMetaData.m */; };
		934ECE691116290500F8C0E5 /* BNRDataBuffer.m in Sources */ = {isa = PBXBuildFile; fileRef = 93D504D8110B883700E5D2F0 /* BNRDataBuffer.m */; };
		934ECE6A1116290500F8C0E5 /* BNRStore.m in Sources */ = {isa = PBXBuildFile; fileRef = 93D504E0110B883700E5D2F0 /* BNRStore.m */; };
		934ECE6B1116290500F8C0E5 /* BNRStoreBackend.m in Sources */ = {isa = PBXBuildFile; fileRef = 93D504E2110B883700E5D2F0 /* BNRStoreBackend.m */; };
		934ECE6C1116290500F8C0E5 /* BNRStoredObject.m in Sources */ = {isa = PBXBuildFile; fileRef = 93D504E4110B883700E5D2F0 /* BNRStoredObject.m */; };
		934ECE6D1116290500F8C0E5 /* BNRTCBackend.mm in Sources */ = {isa = PBXBuildFile; fileRef = 93D504F0110B883700E5D2F0 /* BNRTCBackend.mm */; };
		934ECE6E1116290500F8C0E5 /* BNRTCBackendCursor.m in Sources */ = {isa = PBXBuildFile; fileRef = 93D504F2110B883700E5D2F0 /* BNRTCBackendCursor.m */; };
		934ECE6F1116290500F8C0E5 /* Playlist.m in Sources */ = {isa = PBXBuildFile; fileRef = 93D50515110B8B2700E5D2F0 /* Playlist.m */; };
		934ECE701116290500F8C0E5 /* Song.m in Sources */ = {isa = PBXBuildFile; fileRef = 93D50517110B8B2700E5D2F0 /* Song.m */; };
		934ECE721116290500F8C0E5 /* BNRUniquingTable.m in Sources */ = {isa = PBXBuildFile; fileRef = 9366D9F811120568000A897D /* BNRUniquingTable.m */; };
		934ECE731116290500F8C0E5 /* SpeedTest.m in Sources */ = {isa = PBXBuildFile; fileRef = 93644C6811134E01008CA083 /* SpeedTest.m */; };
		934ECE751116290500F8C0E5 /* Foundation.framework in Frameworks */ = {isa = PBXBuildFile; fileRef = 08FB779EFE84155DC02AAC07 /* Foundation.framework */; };
		934ECE761116290500F8C0E5 /* libtokyocabinet.a in Frameworks */ = {isa = PBXBuildFile; fileRef = 93D5050A110B8AB300E5D2F0 /* libtokyocabinet.a */; };
		934ECE871116296200F8C0E5 /* SimpleUpdateTest.m in Sources */ = {isa = PBXBuildFile; fileRef = 934ECE861116296200F8C0E5 /* SimpleUpdateTest.m */; };
		934ECFC7111B3C7F00F8C0E5 /* BNRIndexManager.m in Sources */ = {isa = PBXBuildFile; fileRef = 934ECFC6111B3C7F00F8C0E5 /* BNRIndexManager.m */; };
		934ECFC8111B3C7F00F8C0E5 /* BNRIndexManager.m in Sources */ = {isa = PBXBuildFile; fileRef = 934ECFC6111B3C7F00F8C0E5 /* BNRIndexManager.m */; };
		934ECFC9111B3C7F00F8C0E5 /* BNRIndexManager.m in Sources */ = {isa = PBXBuildFile; fileRef = 934ECFC6111B3C7F00F8C0E5 /* BNRIndexManager.m */; };
		934ECFCA111B3C7F00F8C0E5 /* BNRIndexManager.m in Sources */ = {isa = PBXBuildFile; fileRef = 934ECFC6111B3C7F00F8C0E5 /* BNRIndexManager.m */; };
		934ECFCB111B3C7F00F8C0E5 /* BNRIndexManager.m in Sources */ = {isa = PBXBuildFile; fileRef = 934ECFC6111B3C7F00F8C0E5 /* BNRIndexManager.m */; };
		93644C6911134E01008CA083 /* SpeedTest.m in Sources */ = {isa = PBXBuildFile; fileRef = 93644C6811134E01008CA083 /* SpeedTest.m */; };
		93644C6A11134E01008CA083 /* SpeedTest.m in Sources */ = {isa = PBXBuildFile; fileRef = 93644C6811134E01008CA083 /* SpeedTest.m */; };
		93644C6B11134E01008CA083 /* SpeedTest.m in Sources */ = {isa = PBXBuildFile; fileRef = 93644C6811134E01008CA083 /* SpeedTest.m */; };
		93644C6C11134E01008CA083 /* SpeedTest.m in Sources */ = {isa = PBXBuildFile; fileRef = 93644C6811134E01008CA083 /* SpeedTest.m */; };
		9366D799110E35D0000A897D /* Playlist.m in Sources */ = {isa = PBXBuildFile; fileRef = 93D50515110B8B2700E5D2F0 /* Playlist.m */; };
		9366D79A110E35DE000A897D /* Playlist.m in Sources */ = {isa = PBXBuildFile; fileRef = 93D50515110B8B2700E5D2F0 /* Playlist.m */; };
		9366D9FC11120568000A897D /* BNRUniquingTable.m in Sources */ = {isa = PBXBuildFile; fileRef = 9366D9F811120568000A897D /* BNRUniquingTable.m */; };
		9366D9FF11120568000A897D /* BNRUniquingTable.m in Sources */ = {isa = PBXBuildFile; fileRef = 9366D9F811120568000A897D /* BNRUniquingTable.m */; };
		9366DA0211120568000A897D /* BNRUniquingTable.m in Sources */ = {isa = PBXBuildFile; fileRef = 9366D9F811120568000A897D /* BNRUniquingTable.m */; };
		9366DA0511120568000A897D /* BNRUniquingTable.m in Sources */ = {isa = PBXBuildFile; fileRef = 9366D9F811120568000A897D /* BNRUniquingTable.m */; };
		937F31EC11318E6B0035B7EC /* BNRBackendCursor.m in Sources */ = {isa = PBXBuildFile; fileRef = 93D504D2110B883700E5D2F0 /* BNRBackendCursor.m */; };
		937F31ED11318E6B0035B7EC /* BNRClassDictionary.mm in Sources */ = {isa = PBXBuildFile; fileRef = 93D504D4110B883700E5D2F0 /* BNRClassDictionary.mm */; };
		937F31EE11318E6B0035B7EC /* BNRClassMetaData.m in Sources */ = {isa = PBXBuildFile; fileRef = 93D504D6110B883700E5D2F0 /* BNRClassMetaData.m */; };
		937F31EF11318E6B0035B7EC /* BNRDataBuffer.m in Sources */ = {isa = PBXBuildFile; fileRef = 93D504D8110B883700E5D2F0 /* BNRDataBuffer.m */; };
		937F31F011318E6B0035B7EC /* BNRStore.m in Sources */ = {isa = PBXBuildFile; fileRef = 93D504E0110B883700E5D2F0 /* BNRStore.m */; };
		937F31F111318E6B0035B7EC /* BNRStoreBackend.m in Sources */ = {isa = PBXBuildFile; fileRef = 93D504E2110B883700E5D2F0 /* BNRStoreBackend.m */; };
		937F31F211318E6B0035B7EC /* BNRStoredObject.m in Sources */ = {isa = PBXBuildFile; fileRef = 93D504E4110B883700E5D2F0 /* BNRStoredObject.m */; };
		937F31F311318E6B0035B7EC /* BNRTCBackend.mm in Sources */ = {isa = PBXBuildFile; fileRef = 93D504F0110B883700E5D2F0 /* BNRTCBackend.mm */; };
		937F31F411318E6B0035B7EC /* BNRTCBackendCursor.m in Sources */ = {isa = PBXBuildFile; fileRef = 93D504F2110B883700E5D2F0 /* BNRTCBackendCursor.m */; };
		937F31F811318E6B0035B7EC /* BNRUniquingTable.m in Sources */ = {isa = PBXBuildFile; fileRef = 9366D9F811120568000A897D /* BNRUniquingTable.m */; };
		937F31F911318E6B0035B7EC /* SpeedTest.m in Sources */ = {isa = PBXBuildFile; fileRef = 93644C6811134E01008CA083 /* SpeedTest.m */; };
		937F31FA11318E6B0035B7EC /* BNRIndexManager.m in Sources */ = {isa = PBXBuildFile; fileRef = 934ECFC6111B3C7F00F8C0E5 /* BNRIndexManager.m */; };
		937F31FB11318E6B0035B7EC /* BNRTCIndexManager.m in Sources */ = {isa = PBXBuildFile; fileRef = 9324D3661129AB7D00E8C193 /* BNRTCIndexManager.m */; };
		937F31FD11318E6B0035B7EC /* Foundation.framework in Frameworks */ = {isa = PBXBuildFile; fileRef = 08FB779EFE84155DC02AAC07 /* Foundation.framework */; };
		937F31FE11318E6B0035B7EC /* libtokyocabinet.a in Frameworks */ = {isa = PBXBuildFile; fileRef = 93D5050A110B8AB300E5D2F0 /* libtokyocabinet.a */; };
		937F320711318EA60035B7EC /* FullTextInsertTest.m in Sources */ = {isa = PBXBuildFile; fileRef = 937F320611318EA60035B7EC /* FullTextInsertTest.m */; };
		937F32C311319BAE0035B7EC /* libtokyodystopia.a in Frameworks */ = {isa = PBXBuildFile; fileRef = 9324D36C1129ABD900E8C193 /* libtokyodystopia.a */; };
		937F33171131AAA60035B7EC /* BNRBackendCursor.m in Sources */ = {isa = PBXBuildFile; fileRef = 93D504D2110B883700E5D2F0 /* BNRBackendCursor.m */; };
		937F33181131AAA60035B7EC /* BNRClassDictionary.mm in Sources */ = {isa = PBXBuildFile; fileRef = 93D504D4110B883700E5D2F0 /* BNRClassDictionary.mm */; };
		937F33191131AAA60035B7EC /* BNRClassMetaData.m in Sources */ = {isa = PBXBuildFile; fileRef = 93D504D6110B883700E5D2F0 /* BNRClassMetaData.m */; };
		937F331A1131AAA60035B7EC /* BNRDataBuffer.m in Sources */ = {isa = PBXBuildFile; fileRef = 93D504D8110B883700E5D2F0 /* BNRDataBuffer.m */; };
		937F331B1131AAA60035B7EC /* BNRStore.m in Sources */ = {isa = PBXBuildFile; fileRef = 93D504E0110B883700E5D2F0 /* BNRStore.m */; };
		937F331C1131AAA60035B7EC /* BNRStoreBackend.m in Sources */ = {isa = PBXBuildFile; fileRef = 93D504E2110B883700E5D2F0 /* BNRStoreBackend.m */; };
		937F331D1131AAA60035B7EC /* BNRStoredObject.m in Sources */ = {isa = PBXBuildFile; fileRef = 93D504E4110B883700E5D2F0 /* BNRStoredObject.m */; };
		937F331E1131AAA60035B7EC /* BNRTCBackend.mm in Sources */ = {isa = PBXBuildFile; fileRef = 93D504F0110B883700E5D2F0 /* BNRTCBackend.mm */; };
		937F331F1131AAA60035B7EC /* BNRTCBackendCursor.m in Sources */ = {isa = PBXBuildFile; fileRef = 93D504F2110B883700E5D2F0 /* BNRTCBackendCursor.m */; };
		937F33201131AAA60035B7EC /* BNRUniquingTable.m in Sources */ = {isa = PBXBuildFile; fileRef = 9366D9F811120568000A897D /* BNRUniquingTable.m */; };
		937F33211131AAA60035B7EC /* SpeedTest.m in Sources */ = {isa = PBXBuildFile; fileRef = 93644C6811134E01008CA083 /* SpeedTest.m */; };
		937F33221131AAA60035B7EC /* BNRIndexManager.m in Sources */ = {isa = PBXBuildFile; fileRef = 934ECFC6111B3C7F00F8C0E5 /* BNRIndexManager.m */; };
		937F33231131AAA60035B7EC /* BNRTCIndexManager.m in Sources */ = {isa = PBXBuildFile; fileRef = 9324D3661129AB7D00E8C193 /* BNRTCIndexManager.m */; };
		937F33271131AAA60035B7EC /* Foundation.framework in Frameworks */ = {isa = PBXBuildFile; fileRef = 08FB779EFE84155DC02AAC07 /* Foundation.framework */; };
		937F33281131AAA60035B7EC /* libtokyocabinet.a in Frameworks */ = {isa = PBXBuildFile; fileRef = 93D5050A110B8AB300E5D2F0 /* libtokyocabinet.a */; };
		937F33291131AAA60035B7EC /* libtokyodystopia.a in Frameworks */ = {isa = PBXBuildFile; fileRef = 9324D36C1129ABD900E8C193 /* libtokyodystopia.a */; };
		937F33341131AB210035B7EC /* FullTextFetchText.m in Sources */ = {isa = PBXBuildFile; fileRef = 937F33331131AB210035B7EC /* FullTextFetchText.m */; };
		937F33751131CA600035B7EC /* Song.m in Sources */ = {isa = PBXBuildFile; fileRef = 93D50517110B8B2700E5D2F0 /* Song.m */; };
		937F33761131CA690035B7EC /* Song.m in Sources */ = {isa = PBXBuildFile; fileRef = 93D50517110B8B2700E5D2F0 /* Song.m */; };
		93A7B53711E64EA900C671F3 /* BNRBackendCursor.m in Sources */ = {isa = PBXBuildFile; fileRef = 93D504D2110B883700E5D2F0 /* BNRBackendCursor.m */; };
		93A7B53811E64EA900C671F3 /* BNRClassDictionary.mm in Sources */ = {isa = PBXBuildFile; fileRef = 93D504D4110B883700E5D2F0 /* BNRClassDictionary.mm */; };
		93A7B53911E64EA900C671F3 /* BNRClassMetaData.m in Sources */ = {isa = PBXBuildFile; fileRef = 93D504D6110B883700E5D2F0 /* BNRClassMetaData.m */; };
		93A7B53A11E64EA900C671F3 /* BNRDataBuffer.m in Sources */ = {isa = PBXBuildFile; fileRef = 93D504D8110B883700E5D2F0 /* BNRDataBuffer.m */; };
		93A7B53B11E64EA900C671F3 /* BNRStore.m in Sources */ = {isa = PBXBuildFile; fileRef = 93D504E0110B883700E5D2F0 /* BNRStore.m */; };
		93A7B53C11E64EA900C671F3 /* BNRStoreBackend.m in Sources */ = {isa = PBXBuildFile; fileRef = 93D504E2110B883700E5D2F0 /* BNRStoreBackend.m */; };
		93A7B53D11E64EA900C671F3 /* BNRStoredObject.m in Sources */ = {isa = PBXBuildFile; fileRef = 93D504E4110B883700E5D2F0 /* BNRStoredObject.m */; };
		93A7B53E11E64EA900C671F3 /* BNRTCBackend.mm in Sources */ = {isa = PBXBuildFile; fileRef = 93D504F0110B883700E5D2F0 /* BNRTCBackend.mm */; };
		93A7B53F11E64EA900C671F3 /* BNRTCBackendCursor.m in Sources */ = {isa = PBXBuildFile; fileRef = 93D504F2110B883700E5D2F0 /* BNRTCBackendCursor.m */; };
		93A7B54111E64EA900C671F3 /* Song.m in Sources */ = {isa = PBXBuildFile; fileRef = 93D50517110B8B2700E5D2F0 /* Song.m */; };
		93A7B54311E64EA900C671F3 /* BNRUniquingTable.m in Sources */ = {isa = PBXBuildFile; fileRef = 9366D9F811120568000A897D /* BNRUniquingTable.m */; };
		93A7B54411E64EA900C671F3 /* SpeedTest.m in Sources */ = {isa = PBXBuildFile; fileRef = 93644C6811134E01008CA083 /* SpeedTest.m */; };
		93A7B54511E64EA900C671F3 /* BNRIndexManager.m in Sources */ = {isa = PBXBuildFile; fileRef = 934ECFC6111B3C7F00F8C0E5 /* BNRIndexManager.m */; };
		93A7B54711E64EA900C671F3 /* Foundation.framework in Frameworks */ = {isa = PBXBuildFile; fileRef = 08FB779EFE84155DC02AAC07 /* Foundation.framework */; };
		93A7B54811E64EA900C671F3 /* libtokyocabinet.a in Frameworks */ = {isa = PBXBuildFile; fileRef = 93D5050A110B8AB300E5D2F0 /* libtokyocabinet.a */; };
		93A7B55F11E64F1F00C671F3 /* NamedBufferInsertTest.m in Sources */ = {isa = PBXBuildFile; fileRef = 93A7B55E11E64F1F00C671F3 /* NamedBufferInsertTest.m */; };
		93A7B60011E6591700C671F3 /* libcrypto.dylib in Frameworks */ = {isa = PBXBuildFile; fileRef = 93A7B5FF11E6591700C671F3 /* libcrypto.dylib */; };
		93A7B62611E65C4600C671F3 /* BNRCrypto.m in Sources */ = {isa = PBXBuildFile; fileRef = 93A7B62311E65C4600C671F3 /* BNRCrypto.m */; };
		93A7B62711E65C4600C671F3 /* BNRDataBuffer+Encryption.m in Sources */ = {isa = PBXBuildFile; fileRef = 93A7B62511E65C4600C671F3 /* BNRDataBuffer+Encryption.m */; };
		93A7B62811E65C4600C671F3 /* BNRCrypto.m in Sources */ = {isa = PBXBuildFile; fileRef = 93A7B62311E65C4600C671F3 /* BNRCrypto.m */; };
		93A7B62911E65C4600C671F3 /* BNRDataBuffer+Encryption.m in Sources */ = {isa = PBXBuildFile; fileRef = 93A7B62511E65C4600C671F3 /* BNRDataBuffer+Encryption.m */; };
		93A7B62A11E65C4600C671F3 /* BNRCrypto.m in Sources */ = {isa = PBXBuildFile; fileRef = 93A7B62311E65C4600C671F3 /* BNRCrypto.m */; };
		93A7B62B11E65C4600C671F3 /* BNRDataBuffer+Encryption.m in Sources */ = {isa = PBXBuildFile; fileRef = 93A7B62511E65C4600C671F3 /* BNRDataBuffer+Encryption.m */; };
		93A7B62C11E65C4600C671F3 /* BNRCrypto.m in Sources */ = {isa = PBXBuildFile; fileRef = 93A7B62311E65C4600C671F3 /* BNRCrypto.m */; };
		93A7B62D11E65C4600C671F3 /* BNRDataBuffer+Encryption.m in Sources */ = {isa = PBXBuildFile; fileRef = 93A7B62511E65C4600C671F3 /* BNRDataBuffer+Encryption.m */; };
		93A7B62E11E65C4600C671F3 /* BNRCrypto.m in Sources */ = {isa = PBXBuildFile; fileRef = 93A7B62311E65C4600C671F3 /* BNRCrypto.m */; };
		93A7B62F11E65C4600C671F3 /* BNRDataBuffer+Encryption.m in Sources */ = {isa = PBXBuildFile; fileRef = 93A7B62511E65C4600C671F3 /* BNRDataBuffer+Encryption.m */; };
		93A7B63011E65C4600C671F3 /* BNRCrypto.m in Sources */ = {isa = PBXBuildFile; fileRef = 93A7B62311E65C4600C671F3 /* BNRCrypto.m */; };
		93A7B63111E65C4600C671F3 /* BNRDataBuffer+Encryption.m in Sources */ = {isa = PBXBuildFile; fileRef = 93A7B62511E65C4600C671F3 /* BNRDataBuffer+Encryption.m */; };
		93A7B63211E65C4600C671F3 /* BNRCrypto.m in Sources */ = {isa = PBXBuildFile; fileRef = 93A7B62311E65C4600C671F3 /* BNRCrypto.m */; };
		93A7B63311E65C4600C671F3 /* BNRDataBuffer+Encryption.m in Sources */ = {isa = PBXBuildFile; fileRef = 93A7B62511E65C4600C671F3 /* BNRDataBuffer+Encryption.m */; };
		93A7B63411E65C4600C671F3 /* BNRCrypto.m in Sources */ = {isa = PBXBuildFile; fileRef = 93A7B62311E65C4600C671F3 /* BNRCrypto.m */; };
		93A7B63511E65C4600C671F3 /* BNRDataBuffer+Encryption.m in Sources */ = {isa = PBXBuildFile; fileRef = 93A7B62511E65C4600C671F3 /* BNRDataBuffer+Encryption.m */; };
		93A7B64511E65D6300C671F3 /* BNRBackendCursor.m in Sources */ = {isa = PBXBuildFile; fileRef = 93D504D2110B883700E5D2F0 /* BNRBackendCursor.m */; };
		93A7B64611E65D6300C671F3 /* BNRClassDictionary.mm in Sources */ = {isa = PBXBuildFile; fileRef = 93D504D4110B883700E5D2F0 /* BNRClassDictionary.mm */; };
		93A7B64711E65D6300C671F3 /* BNRClassMetaData.m in Sources */ = {isa = PBXBuildFile; fileRef = 93D504D6110B883700E5D2F0 /* BNRClassMetaData.m */; };
		93A7B64811E65D6300C671F3 /* BNRDataBuffer.m in Sources */ = {isa = PBXBuildFile; fileRef = 93D504D8110B883700E5D2F0 /* BNRDataBuffer.m */; };
		93A7B64911E65D6300C671F3 /* BNRStore.m in Sources */ = {isa = PBXBuildFile; fileRef = 93D504E0110B883700E5D2F0 /* BNRStore.m */; };
		93A7B64A11E65D6300C671F3 /* BNRStoreBackend.m in Sources */ = {isa = PBXBuildFile; fileRef = 93D504E2110B883700E5D2F0 /* BNRStoreBackend.m */; };
		93A7B64B11E65D6300C671F3 /* BNRStoredObject.m in Sources */ = {isa = PBXBuildFile; fileRef = 93D504E4110B883700E5D2F0 /* BNRStoredObject.m */; };
		93A7B64C11E65D6300C671F3 /* BNRTCBackend.mm in Sources */ = {isa = PBXBuildFile; fileRef = 93D504F0110B883700E5D2F0 /* BNRTCBackend.mm */; };
		93A7B64D11E65D6300C671F3 /* BNRTCBackendCursor.m in Sources */ = {isa = PBXBuildFile; fileRef = 93D504F2110B883700E5D2F0 /* BNRTCBackendCursor.m */; };
		93A7B64E11E65D6300C671F3 /* Song.m in Sources */ = {isa = PBXBuildFile; fileRef = 93D50517110B8B2700E5D2F0 /* Song.m */; };
		93A7B64F11E65D6300C671F3 /* BNRUniquingTable.m in Sources */ = {isa = PBXBuildFile; fileRef = 9366D9F811120568000A897D /* BNRUniquingTable.m */; };
		93A7B65011E65D6300C671F3 /* SpeedTest.m in Sources */ = {isa = PBXBuildFile; fileRef = 93644C6811134E01008CA083 /* SpeedTest.m */; };
		93A7B65111E65D6300C671F3 /* BNRIndexManager.m in Sources */ = {isa = PBXBuildFile; fileRef = 934ECFC6111B3C7F00F8C0E5 /* BNRIndexManager.m */; };
		93A7B65311E65D6300C671F3 /* BNRCrypto.m in Sources */ = {isa = PBXBuildFile; fileRef = 93A7B62311E65C4600C671F3 /* BNRCrypto.m */; };
		93A7B65411E65D6300C671F3 /* BNRDataBuffer+Encryption.m in Sources */ = {isa = PBXBuildFile; fileRef = 93A7B62511E65C4600C671F3 /* BNRDataBuffer+Encryption.m */; };
		93A7B65611E65D6300C671F3 /* Foundation.framework in Frameworks */ = {isa = PBXBuildFile; fileRef = 08FB779EFE84155DC02AAC07 /* Foundation.framework */; };
		93A7B65711E65D6300C671F3 /* libtokyocabinet.a in Frameworks */ = {isa = PBXBuildFile; fileRef = 93D5050A110B8AB300E5D2F0 /* libtokyocabinet.a */; };
		93A7B65811E65D6300C671F3 /* libcrypto.dylib in Frameworks */ = {isa = PBXBuildFile; fileRef = 93A7B5FF11E6591700C671F3 /* libcrypto.dylib */; };
		93A7B66F11E65DBC00C671F3 /* NamedBufferFetchTest.m in Sources */ = {isa = PBXBuildFile; fileRef = 93A7B66E11E65DBC00C671F3 /* NamedBufferFetchTest.m */; };
		93A7B6C311E69A5900C671F3 /* libcrypto.dylib in Frameworks */ = {isa = PBXBuildFile; fileRef = 93A7B5FF11E6591700C671F3 /* libcrypto.dylib */; };
		93A7B6C411E69A5D00C671F3 /* libcrypto.dylib in Frameworks */ = {isa = PBXBuildFile; fileRef = 93A7B5FF11E6591700C671F3 /* libcrypto.dylib */; };
		93A7B6C511E69A6200C671F3 /* libcrypto.dylib in Frameworks */ = {isa = PBXBuildFile; fileRef = 93A7B5FF11E6591700C671F3 /* libcrypto.dylib */; };
		93A7B6C611E69A6600C671F3 /* libcrypto.dylib in Frameworks */ = {isa = PBXBuildFile; fileRef = 93A7B5FF11E6591700C671F3 /* libcrypto.dylib */; };
		93A7B6C711E69A6C00C671F3 /* libcrypto.dylib in Frameworks */ = {isa = PBXBuildFile; fileRef = 93A7B5FF11E6591700C671F3 /* libcrypto.dylib */; };
		93A7B6C811E69A7900C671F3 /* libcrypto.dylib in Frameworks */ = {isa = PBXBuildFile; fileRef = 93A7B5FF11E6591700C671F3 /* libcrypto.dylib */; };
		93A7B6C911E69A7900C671F3 /* libcrypto.dylib in Frameworks */ = {isa = PBXBuildFile; fileRef = 93A7B5FF11E6591700C671F3 /* libcrypto.dylib */; };
		93D5081A110CB22A00E5D2F0 /* Playlist.m in Sources */ = {isa = PBXBuildFile; fileRef = 93D50515110B8B2700E5D2F0 /* Playlist.m */; };
		93D5081C110CB22A00E5D2F0 /* Song.m in Sources */ = {isa = PBXBuildFile; fileRef = 93D50517110B8B2700E5D2F0 /* Song.m */; };
		93D5081F110CB23D00E5D2F0 /* Foundation.framework in Frameworks */ = {isa = PBXBuildFile; fileRef = 08FB779EFE84155DC02AAC07 /* Foundation.framework */; };
		93D50820110CB23D00E5D2F0 /* libtokyocabinet.a in Frameworks */ = {isa = PBXBuildFile; fileRef = 93D5050A110B8AB300E5D2F0 /* libtokyocabinet.a */; };
		93D50825110CB29000E5D2F0 /* ComplexInsertTest.m in Sources */ = {isa = PBXBuildFile; fileRef = 93D50824110CB29000E5D2F0 /* ComplexInsertTest.m */; };
		93D50828110CB3E800E5D2F0 /* BNRBackendCursor.m in Sources */ = {isa = PBXBuildFile; fileRef = 93D504D2110B883700E5D2F0 /* BNRBackendCursor.m */; };
		93D50829110CB3E800E5D2F0 /* BNRClassDictionary.mm in Sources */ = {isa = PBXBuildFile; fileRef = 93D504D4110B883700E5D2F0 /* BNRClassDictionary.mm */; };
		93D5082A110CB3E800E5D2F0 /* BNRClassMetaData.m in Sources */ = {isa = PBXBuildFile; fileRef = 93D504D6110B883700E5D2F0 /* BNRClassMetaData.m */; };
		93D5082B110CB3E800E5D2F0 /* BNRDataBuffer.m in Sources */ = {isa = PBXBuildFile; fileRef = 93D504D8110B883700E5D2F0 /* BNRDataBuffer.m */; };
		93D5082F110CB3E800E5D2F0 /* BNRStore.m in Sources */ = {isa = PBXBuildFile; fileRef = 93D504E0110B883700E5D2F0 /* BNRStore.m */; };
		93D50830110CB3E800E5D2F0 /* BNRStoreBackend.m in Sources */ = {isa = PBXBuildFile; fileRef = 93D504E2110B883700E5D2F0 /* BNRStoreBackend.m */; };
		93D50831110CB3E800E5D2F0 /* BNRStoredObject.m in Sources */ = {isa = PBXBuildFile; fileRef = 93D504E4110B883700E5D2F0 /* BNRStoredObject.m */; };
		93D50832110CB3E800E5D2F0 /* BNRTCBackend.mm in Sources */ = {isa = PBXBuildFile; fileRef = 93D504F0110B883700E5D2F0 /* BNRTCBackend.mm */; };
		93D50833110CB3E800E5D2F0 /* BNRTCBackendCursor.m in Sources */ = {isa = PBXBuildFile; fileRef = 93D504F2110B883700E5D2F0 /* BNRTCBackendCursor.m */; };
		93D508A2110D2E3F00E5D2F0 /* BNRBackendCursor.m in Sources */ = {isa = PBXBuildFile; fileRef = 93D504D2110B883700E5D2F0 /* BNRBackendCursor.m */; };
		93D508A3110D2E3F00E5D2F0 /* BNRClassDictionary.mm in Sources */ = {isa = PBXBuildFile; fileRef = 93D504D4110B883700E5D2F0 /* BNRClassDictionary.mm */; };
		93D508A4110D2E3F00E5D2F0 /* BNRClassMetaData.m in Sources */ = {isa = PBXBuildFile; fileRef = 93D504D6110B883700E5D2F0 /* BNRClassMetaData.m */; };
		93D508A5110D2E3F00E5D2F0 /* BNRDataBuffer.m in Sources */ = {isa = PBXBuildFile; fileRef = 93D504D8110B883700E5D2F0 /* BNRDataBuffer.m */; };
		93D508A9110D2E3F00E5D2F0 /* BNRStore.m in Sources */ = {isa = PBXBuildFile; fileRef = 93D504E0110B883700E5D2F0 /* BNRStore.m */; };
		93D508AA110D2E3F00E5D2F0 /* BNRStoreBackend.m in Sources */ = {isa = PBXBuildFile; fileRef = 93D504E2110B883700E5D2F0 /* BNRStoreBackend.m */; };
		93D508AB110D2E3F00E5D2F0 /* BNRStoredObject.m in Sources */ = {isa = PBXBuildFile; fileRef = 93D504E4110B883700E5D2F0 /* BNRStoredObject.m */; };
		93D508AC110D2E3F00E5D2F0 /* BNRTCBackend.mm in Sources */ = {isa = PBXBuildFile; fileRef = 93D504F0110B883700E5D2F0 /* BNRTCBackend.mm */; };
		93D508AD110D2E3F00E5D2F0 /* BNRTCBackendCursor.m in Sources */ = {isa = PBXBuildFile; fileRef = 93D504F2110B883700E5D2F0 /* BNRTCBackendCursor.m */; };
		93D508AE110D2E3F00E5D2F0 /* Playlist.m in Sources */ = {isa = PBXBuildFile; fileRef = 93D50515110B8B2700E5D2F0 /* Playlist.m */; };
		93D508AF110D2E3F00E5D2F0 /* Song.m in Sources */ = {isa = PBXBuildFile; fileRef = 93D50517110B8B2700E5D2F0 /* Song.m */; };
		93D508B2110D2E3F00E5D2F0 /* Foundation.framework in Frameworks */ = {isa = PBXBuildFile; fileRef = 08FB779EFE84155DC02AAC07 /* Foundation.framework */; };
		93D508B3110D2E3F00E5D2F0 /* libtokyocabinet.a in Frameworks */ = {isa = PBXBuildFile; fileRef = 93D5050A110B8AB300E5D2F0 /* libtokyocabinet.a */; };
		93D508BA110D2E9F00E5D2F0 /* ComplexFetchTest.m in Sources */ = {isa = PBXBuildFile; fileRef = 93D508B9110D2E9F00E5D2F0 /* ComplexFetchTest.m */; };
		93D50932110D49BB00E5D2F0 /* BNRBackendCursor.m in Sources */ = {isa = PBXBuildFile; fileRef = 93D504D2110B883700E5D2F0 /* BNRBackendCursor.m */; };
		93D50933110D49BB00E5D2F0 /* BNRClassDictionary.mm in Sources */ = {isa = PBXBuildFile; fileRef = 93D504D4110B883700E5D2F0 /* BNRClassDictionary.mm */; };
		93D50934110D49BB00E5D2F0 /* BNRClassMetaData.m in Sources */ = {isa = PBXBuildFile; fileRef = 93D504D6110B883700E5D2F0 /* BNRClassMetaData.m */; };
		93D50935110D49BB00E5D2F0 /* BNRDataBuffer.m in Sources */ = {isa = PBXBuildFile; fileRef = 93D504D8110B883700E5D2F0 /* BNRDataBuffer.m */; };
		93D50938110D49BB00E5D2F0 /* BNRStore.m in Sources */ = {isa = PBXBuildFile; fileRef = 93D504E0110B883700E5D2F0 /* BNRStore.m */; };
		93D50939110D49BB00E5D2F0 /* BNRStoreBackend.m in Sources */ = {isa = PBXBuildFile; fileRef = 93D504E2110B883700E5D2F0 /* BNRStoreBackend.m */; };
		93D5093A110D49BB00E5D2F0 /* BNRStoredObject.m in Sources */ = {isa = PBXBuildFile; fileRef = 93D504E4110B883700E5D2F0 /* BNRStoredObject.m */; };
		93D5093B110D49BB00E5D2F0 /* BNRTCBackend.mm in Sources */ = {isa = PBXBuildFile; fileRef = 93D504F0110B883700E5D2F0 /* BNRTCBackend.mm */; };
		93D5093C110D49BB00E5D2F0 /* BNRTCBackendCursor.m in Sources */ = {isa = PBXBuildFile; fileRef = 93D504F2110B883700E5D2F0 /* BNRTCBackendCursor.m */; };
		93D5093E110D49BB00E5D2F0 /* Song.m in Sources */ = {isa = PBXBuildFile; fileRef = 93D50517110B8B2700E5D2F0 /* Song.m */; };
		93D50941110D49BB00E5D2F0 /* Foundation.framework in Frameworks */ = {isa = PBXBuildFile; fileRef = 08FB779EFE84155DC02AAC07 /* Foundation.framework */; };
		93D50942110D49BB00E5D2F0 /* libtokyocabinet.a in Frameworks */ = {isa = PBXBuildFile; fileRef = 93D5050A110B8AB300E5D2F0 /* libtokyocabinet.a */; };
		93D50957110D4A0F00E5D2F0 /* SimpleInsertTest.m in Sources */ = {isa = PBXBuildFile; fileRef = 93D50956110D4A0F00E5D2F0 /* SimpleInsertTest.m */; };
		93D50A0F110D51E000E5D2F0 /* BNRBackendCursor.m in Sources */ = {isa = PBXBuildFile; fileRef = 93D504D2110B883700E5D2F0 /* BNRBackendCursor.m */; };
		93D50A10110D51E000E5D2F0 /* BNRClassDictionary.mm in Sources */ = {isa = PBXBuildFile; fileRef = 93D504D4110B883700E5D2F0 /* BNRClassDictionary.mm */; };
		93D50A11110D51E000E5D2F0 /* BNRClassMetaData.m in Sources */ = {isa = PBXBuildFile; fileRef = 93D504D6110B883700E5D2F0 /* BNRClassMetaData.m */; };
		93D50A12110D51E000E5D2F0 /* BNRDataBuffer.m in Sources */ = {isa = PBXBuildFile; fileRef = 93D504D8110B883700E5D2F0 /* BNRDataBuffer.m */; };
		93D50A15110D51E000E5D2F0 /* BNRStore.m in Sources */ = {isa = PBXBuildFile; fileRef = 93D504E0110B883700E5D2F0 /* BNRStore.m */; };
		93D50A16110D51E000E5D2F0 /* BNRStoreBackend.m in Sources */ = {isa = PBXBuildFile; fileRef = 93D504E2110B883700E5D2F0 /* BNRStoreBackend.m */; };
		93D50A17110D51E000E5D2F0 /* BNRStoredObject.m in Sources */ = {isa = PBXBuildFile; fileRef = 93D504E4110B883700E5D2F0 /* BNRStoredObject.m */; };
		93D50A18110D51E000E5D2F0 /* BNRTCBackend.mm in Sources */ = {isa = PBXBuildFile; fileRef = 93D504F0110B883700E5D2F0 /* BNRTCBackend.mm */; };
		93D50A19110D51E000E5D2F0 /* BNRTCBackendCursor.m in Sources */ = {isa = PBXBuildFile; fileRef = 93D504F2110B883700E5D2F0 /* BNRTCBackendCursor.m */; };
		93D50A1B110D51E000E5D2F0 /* Song.m in Sources */ = {isa = PBXBuildFile; fileRef = 93D50517110B8B2700E5D2F0 /* Song.m */; };
		93D50A1E110D51E000E5D2F0 /* Foundation.framework in Frameworks */ = {isa = PBXBuildFile; fileRef = 08FB779EFE84155DC02AAC07 /* Foundation.framework */; };
		93D50A1F110D51E000E5D2F0 /* libtokyocabinet.a in Frameworks */ = {isa = PBXBuildFile; fileRef = 93D5050A110B8AB300E5D2F0 /* libtokyocabinet.a */; };
		93D50A2A110D520D00E5D2F0 /* SimpleFetchTest.m in Sources */ = {isa = PBXBuildFile; fileRef = 93D50A29110D520D00E5D2F0 /* SimpleFetchTest.m */; };
/* End PBXBuildFile section */

/* Begin PBXContainerItemProxy section */
		934ECEB711162D2800F8C0E5 /* PBXContainerItemProxy */ = {
			isa = PBXContainerItemProxy;
			containerPortal = 08FB7793FE84155DC02AAC07 /* Project object */;
			proxyType = 1;
			remoteGlobalIDString = 934ECE641116290500F8C0E5;
			remoteInfo = SimpleUpdateTest;
		};
		937F32B511319A400035B7EC /* PBXContainerItemProxy */ = {
			isa = PBXContainerItemProxy;
			containerPortal = 08FB7793FE84155DC02AAC07 /* Project object */;
			proxyType = 1;
			remoteGlobalIDString = 937F31EA11318E6B0035B7EC;
			remoteInfo = FullTextInsertTest;
		};
		937F33971131CC0F0035B7EC /* PBXContainerItemProxy */ = {
			isa = PBXContainerItemProxy;
			containerPortal = 08FB7793FE84155DC02AAC07 /* Project object */;
			proxyType = 1;
			remoteGlobalIDString = 937F33151131AAA60035B7EC;
			remoteInfo = FullTextFetchTest;
		};
		93D50A3A110D52D000E5D2F0 /* PBXContainerItemProxy */ = {
			isa = PBXContainerItemProxy;
			containerPortal = 08FB7793FE84155DC02AAC07 /* Project object */;
			proxyType = 1;
			remoteGlobalIDString = 93D50A0D110D51E000E5D2F0;
			remoteInfo = SimpleFetchTest;
		};
		93D50A3C110D52D000E5D2F0 /* PBXContainerItemProxy */ = {
			isa = PBXContainerItemProxy;
			containerPortal = 08FB7793FE84155DC02AAC07 /* Project object */;
			proxyType = 1;
			remoteGlobalIDString = 93D50930110D49BB00E5D2F0;
			remoteInfo = SimpleInsertTest;
		};
		93D50A3E110D52D000E5D2F0 /* PBXContainerItemProxy */ = {
			isa = PBXContainerItemProxy;
			containerPortal = 08FB7793FE84155DC02AAC07 /* Project object */;
			proxyType = 1;
			remoteGlobalIDString = 93D508A0110D2E3F00E5D2F0;
			remoteInfo = ComplexFetchTest;
		};
		93D50A40110D52D000E5D2F0 /* PBXContainerItemProxy */ = {
			isa = PBXContainerItemProxy;
			containerPortal = 08FB7793FE84155DC02AAC07 /* Project object */;
			proxyType = 1;
			remoteGlobalIDString = 93D50811110CB1D600E5D2F0;
			remoteInfo = ComplexInsertTest;
		};
/* End PBXContainerItemProxy section */

/* Begin PBXCopyFilesBuildPhase section */
		937F32A51131911F0035B7EC /* CopyFiles */ = {
			isa = PBXCopyFilesBuildPhase;
			buildActionMask = 2147483647;
			dstPath = "";
			dstSubfolderSpec = 7;
			files = (
			);
			runOnlyForDeploymentPostprocessing = 0;
		};
		937F332A1131AAA60035B7EC /* CopyFiles */ = {
			isa = PBXCopyFilesBuildPhase;
			buildActionMask = 2147483647;
			dstPath = "";
			dstSubfolderSpec = 7;
			files = (
			);
			runOnlyForDeploymentPostprocessing = 0;
		};
/* End PBXCopyFilesBuildPhase section */

/* Begin PBXFileReference section */
		08FB779EFE84155DC02AAC07 /* Foundation.framework */ = {isa = PBXFileReference; lastKnownFileType = wrapper.framework; name = Foundation.framework; path = /System/Library/Frameworks/Foundation.framework; sourceTree = "<absolute>"; };
		9324D3651129AB7D00E8C193 /* BNRTCIndexManager.h */ = {isa = PBXFileReference; fileEncoding = 4; lastKnownFileType = sourcecode.c.h; name = BNRTCIndexManager.h; path = ../BNRPersistence/BNRTCIndexManager.h; sourceTree = SOURCE_ROOT; };
		9324D3661129AB7D00E8C193 /* BNRTCIndexManager.m */ = {isa = PBXFileReference; fileEncoding = 4; lastKnownFileType = sourcecode.c.objc; name = BNRTCIndexManager.m; path = ../BNRPersistence/BNRTCIndexManager.m; sourceTree = SOURCE_ROOT; };
		9324D36C1129ABD900E8C193 /* libtokyodystopia.a */ = {isa = PBXFileReference; lastKnownFileType = archive.ar; name = libtokyodystopia.a; path = /usr/local/lib/libtokyodystopia.a; sourceTree = "<absolute>"; };
		934ECE7A1116290500F8C0E5 /* SimpleUpdateTest */ = {isa = PBXFileReference; explicitFileType = "compiled.mach-o.executable"; includeInIndex = 0; path = SimpleUpdateTest; sourceTree = BUILT_PRODUCTS_DIR; };
		934ECE861116296200F8C0E5 /* SimpleUpdateTest.m */ = {isa = PBXFileReference; fileEncoding = 4; lastKnownFileType = sourcecode.c.objc; path = SimpleUpdateTest.m; sourceTree = "<group>"; };
		934ECFC5111B3C7F00F8C0E5 /* BNRIndexManager.h */ = {isa = PBXFileReference; fileEncoding = 4; lastKnownFileType = sourcecode.c.h; name = BNRIndexManager.h; path = ../BNRPersistence/BNRIndexManager.h; sourceTree = SOURCE_ROOT; };
		934ECFC6111B3C7F00F8C0E5 /* BNRIndexManager.m */ = {isa = PBXFileReference; fileEncoding = 4; lastKnownFileType = sourcecode.c.objc; name = BNRIndexManager.m; path = ../BNRPersistence/BNRIndexManager.m; sourceTree = SOURCE_ROOT; };
		93644C6711134E01008CA083 /* SpeedTest.h */ = {isa = PBXFileReference; fileEncoding = 4; lastKnownFileType = sourcecode.c.h; path = SpeedTest.h; sourceTree = SOURCE_ROOT; };
		93644C6811134E01008CA083 /* SpeedTest.m */ = {isa = PBXFileReference; fileEncoding = 4; lastKnownFileType = sourcecode.c.objc; path = SpeedTest.m; sourceTree = SOURCE_ROOT; };
		9366D9F711120568000A897D /* BNRUniquingTable.h */ = {isa = PBXFileReference; fileEncoding = 4; lastKnownFileType = sourcecode.c.h; name = BNRUniquingTable.h; path = ../BNRPersistence/BNRUniquingTable.h; sourceTree = SOURCE_ROOT; };
		9366D9F811120568000A897D /* BNRUniquingTable.m */ = {isa = PBXFileReference; fileEncoding = 4; lastKnownFileType = sourcecode.c.objc; name = BNRUniquingTable.m; path = ../BNRPersistence/BNRUniquingTable.m; sourceTree = SOURCE_ROOT; };
		937F320211318E6B0035B7EC /* FullTextInsertTest */ = {isa = PBXFileReference; explicitFileType = "compiled.mach-o.executable"; includeInIndex = 0; path = FullTextInsertTest; sourceTree = BUILT_PRODUCTS_DIR; };
		937F320611318EA60035B7EC /* FullTextInsertTest.m */ = {isa = PBXFileReference; fileEncoding = 4; lastKnownFileType = sourcecode.c.objc; path = FullTextInsertTest.m; sourceTree = "<group>"; };
		937F332E1131AAA60035B7EC /* FullTextFetchTest */ = {isa = PBXFileReference; explicitFileType = "compiled.mach-o.executable"; includeInIndex = 0; path = FullTextFetchTest; sourceTree = BUILT_PRODUCTS_DIR; };
		937F33331131AB210035B7EC /* FullTextFetchText.m */ = {isa = PBXFileReference; fileEncoding = 4; lastKnownFileType = sourcecode.c.objc; path = FullTextFetchText.m; sourceTree = "<group>"; };
		93A7B54C11E64EA900C671F3 /* NamedBufferInsertTest */ = {isa = PBXFileReference; explicitFileType = "compiled.mach-o.executable"; includeInIndex = 0; path = NamedBufferInsertTest; sourceTree = BUILT_PRODUCTS_DIR; };
		93A7B55E11E64F1F00C671F3 /* NamedBufferInsertTest.m */ = {isa = PBXFileReference; fileEncoding = 4; lastKnownFileType = sourcecode.c.objc; path = NamedBufferInsertTest.m; sourceTree = "<group>"; };
		93A7B5FF11E6591700C671F3 /* libcrypto.dylib */ = {isa = PBXFileReference; lastKnownFileType = "compiled.mach-o.dylib"; name = libcrypto.dylib; path = usr/lib/libcrypto.dylib; sourceTree = SDKROOT; };
		93A7B62211E65C4600C671F3 /* BNRCrypto.h */ = {isa = PBXFileReference; fileEncoding = 4; lastKnownFileType = sourcecode.c.h; name = BNRCrypto.h; path = ../BNRPersistence/BNRCrypto.h; sourceTree = SOURCE_ROOT; };
		93A7B62311E65C4600C671F3 /* BNRCrypto.m */ = {isa = PBXFileReference; fileEncoding = 4; lastKnownFileType = sourcecode.c.objc; name = BNRCrypto.m; path = ../BNRPersistence/BNRCrypto.m; sourceTree = SOURCE_ROOT; };
		93A7B62411E65C4600C671F3 /* BNRDataBuffer+Encryption.h */ = {isa = PBXFileReference; fileEncoding = 4; lastKnownFileType = sourcecode.c.h; name = "BNRDataBuffer+Encryption.h"; path = "../BNRPersistence/BNRDataBuffer+Encryption.h"; sourceTree = SOURCE_ROOT; };
		93A7B62511E65C4600C671F3 /* BNRDataBuffer+Encryption.m */ = {isa = PBXFileReference; fileEncoding = 4; lastKnownFileType = sourcecode.c.objc; name = "BNRDataBuffer+Encryption.m"; path = "../BNRPersistence/BNRDataBuffer+Encryption.m"; sourceTree = SOURCE_ROOT; };
		93A7B65C11E65D6300C671F3 /* NamedBufferFetchTest */ = {isa = PBXFileReference; explicitFileType = "compiled.mach-o.executable"; includeInIndex = 0; path = NamedBufferFetchTest; sourceTree = BUILT_PRODUCTS_DIR; };
		93A7B66E11E65DBC00C671F3 /* NamedBufferFetchTest.m */ = {isa = PBXFileReference; fileEncoding = 4; lastKnownFileType = sourcecode.c.objc; path = NamedBufferFetchTest.m; sourceTree = "<group>"; };
		93D504D1110B883700E5D2F0 /* BNRBackendCursor.h */ = {isa = PBXFileReference; fileEncoding = 4; lastKnownFileType = sourcecode.c.h; name = BNRBackendCursor.h; path = ../BNRPersistence/BNRBackendCursor.h; sourceTree = SOURCE_ROOT; };
		93D504D2110B883700E5D2F0 /* BNRBackendCursor.m */ = {isa = PBXFileReference; fileEncoding = 4; lastKnownFileType = sourcecode.c.objc; name = BNRBackendCursor.m; path = ../BNRPersistence/BNRBackendCursor.m; sourceTree = SOURCE_ROOT; };
		93D504D3110B883700E5D2F0 /* BNRClassDictionary.h */ = {isa = PBXFileReference; fileEncoding = 4; lastKnownFileType = sourcecode.c.h; name = BNRClassDictionary.h; path = ../BNRPersistence/BNRClassDictionary.h; sourceTree = SOURCE_ROOT; };
		93D504D4110B883700E5D2F0 /* BNRClassDictionary.mm */ = {isa = PBXFileReference; fileEncoding = 4; lastKnownFileType = sourcecode.cpp.objcpp; name = BNRClassDictionary.mm; path = ../BNRPersistence/BNRClassDictionary.mm; sourceTree = SOURCE_ROOT; };
		93D504D5110B883700E5D2F0 /* BNRClassMetaData.h */ = {isa = PBXFileReference; fileEncoding = 4; lastKnownFileType = sourcecode.c.h; name = BNRClassMetaData.h; path = ../BNRPersistence/BNRClassMetaData.h; sourceTree = SOURCE_ROOT; };
		93D504D6110B883700E5D2F0 /* BNRClassMetaData.m */ = {isa = PBXFileReference; fileEncoding = 4; lastKnownFileType = sourcecode.c.objc; name = BNRClassMetaData.m; path = ../BNRPersistence/BNRClassMetaData.m; sourceTree = SOURCE_ROOT; };
		93D504D7110B883700E5D2F0 /* BNRDataBuffer.h */ = {isa = PBXFileReference; fileEncoding = 4; lastKnownFileType = sourcecode.c.h; name = BNRDataBuffer.h; path = ../BNRPersistence/BNRDataBuffer.h; sourceTree = SOURCE_ROOT; };
		93D504D8110B883700E5D2F0 /* BNRDataBuffer.m */ = {isa = PBXFileReference; fileEncoding = 4; lastKnownFileType = sourcecode.c.objc; name = BNRDataBuffer.m; path = ../BNRPersistence/BNRDataBuffer.m; sourceTree = SOURCE_ROOT; };
		93D504DF110B883700E5D2F0 /* BNRStore.h */ = {isa = PBXFileReference; fileEncoding = 4; lastKnownFileType = sourcecode.c.h; name = BNRStore.h; path = ../BNRPersistence/BNRStore.h; sourceTree = SOURCE_ROOT; };
		93D504E0110B883700E5D2F0 /* BNRStore.m */ = {isa = PBXFileReference; fileEncoding = 4; lastKnownFileType = sourcecode.c.objc; name = BNRStore.m; path = ../BNRPersistence/BNRStore.m; sourceTree = SOURCE_ROOT; };
		93D504E1110B883700E5D2F0 /* BNRStoreBackend.h */ = {isa = PBXFileReference; fileEncoding = 4; lastKnownFileType = sourcecode.c.h; name = BNRStoreBackend.h; path = ../BNRPersistence/BNRStoreBackend.h; sourceTree = SOURCE_ROOT; };
		93D504E2110B883700E5D2F0 /* BNRStoreBackend.m */ = {isa = PBXFileReference; fileEncoding = 4; lastKnownFileType = sourcecode.c.objc; name = BNRStoreBackend.m; path = ../BNRPersistence/BNRStoreBackend.m; sourceTree = SOURCE_ROOT; };
		93D504E3110B883700E5D2F0 /* BNRStoredObject.h */ = {isa = PBXFileReference; fileEncoding = 4; lastKnownFileType = sourcecode.c.h; name = BNRStoredObject.h; path = ../BNRPersistence/BNRStoredObject.h; sourceTree = SOURCE_ROOT; };
		93D504E4110B883700E5D2F0 /* BNRStoredObject.m */ = {isa = PBXFileReference; fileEncoding = 4; lastKnownFileType = sourcecode.c.objc; name = BNRStoredObject.m; path = ../BNRPersistence/BNRStoredObject.m; sourceTree = SOURCE_ROOT; };
		93D504EF110B883700E5D2F0 /* BNRTCBackend.h */ = {isa = PBXFileReference; fileEncoding = 4; lastKnownFileType = sourcecode.c.h; name = BNRTCBackend.h; path = ../BNRPersistence/BNRTCBackend.h; sourceTree = SOURCE_ROOT; };
		93D504F0110B883700E5D2F0 /* BNRTCBackend.mm */ = {isa = PBXFileReference; fileEncoding = 4; lastKnownFileType = sourcecode.cpp.objcpp; name = BNRTCBackend.mm; path = ../BNRPersistence/BNRTCBackend.mm; sourceTree = SOURCE_ROOT; };
		93D504F1110B883700E5D2F0 /* BNRTCBackendCursor.h */ = {isa = PBXFileReference; fileEncoding = 4; lastKnownFileType = sourcecode.c.h; name = BNRTCBackendCursor.h; path = ../BNRPersistence/BNRTCBackendCursor.h; sourceTree = SOURCE_ROOT; };
		93D504F2110B883700E5D2F0 /* BNRTCBackendCursor.m */ = {isa = PBXFileReference; fileEncoding = 4; lastKnownFileType = sourcecode.c.objc; name = BNRTCBackendCursor.m; path = ../BNRPersistence/BNRTCBackendCursor.m; sourceTree = SOURCE_ROOT; };
		93D5050A110B8AB300E5D2F0 /* libtokyocabinet.a */ = {isa = PBXFileReference; lastKnownFileType = archive.ar; name = libtokyocabinet.a; path = /usr/local/lib/libtokyocabinet.a; sourceTree = "<absolute>"; };
		93D50514110B8B2700E5D2F0 /* Playlist.h */ = {isa = PBXFileReference; fileEncoding = 4; lastKnownFileType = sourcecode.c.h; path = Playlist.h; sourceTree = SOURCE_ROOT; };
		93D50515110B8B2700E5D2F0 /* Playlist.m */ = {isa = PBXFileReference; fileEncoding = 4; lastKnownFileType = sourcecode.c.objc; path = Playlist.m; sourceTree = SOURCE_ROOT; };
		93D50516110B8B2700E5D2F0 /* Song.h */ = {isa = PBXFileReference; fileEncoding = 4; lastKnownFileType = sourcecode.c.h; path = Song.h; sourceTree = SOURCE_ROOT; };
		93D50517110B8B2700E5D2F0 /* Song.m */ = {isa = PBXFileReference; fileEncoding = 4; lastKnownFileType = sourcecode.c.objc; path = Song.m; sourceTree = SOURCE_ROOT; };
		93D50812110CB1D600E5D2F0 /* ComplexInsertTest */ = {isa = PBXFileReference; explicitFileType = "compiled.mach-o.executable"; includeInIndex = 0; path = ComplexInsertTest; sourceTree = BUILT_PRODUCTS_DIR; };
		93D50824110CB29000E5D2F0 /* ComplexInsertTest.m */ = {isa = PBXFileReference; fileEncoding = 4; lastKnownFileType = sourcecode.c.objc; path = ComplexInsertTest.m; sourceTree = SOURCE_ROOT; };
		93D508B7110D2E3F00E5D2F0 /* ComplexFetchTest */ = {isa = PBXFileReference; explicitFileType = "compiled.mach-o.executable"; includeInIndex = 0; path = ComplexFetchTest; sourceTree = BUILT_PRODUCTS_DIR; };
		93D508B9110D2E9F00E5D2F0 /* ComplexFetchTest.m */ = {isa = PBXFileReference; fileEncoding = 4; lastKnownFileType = sourcecode.c.objc; path = ComplexFetchTest.m; sourceTree = SOURCE_ROOT; };
		93D50946110D49BB00E5D2F0 /* SimpleInsertTest */ = {isa = PBXFileReference; explicitFileType = "compiled.mach-o.executable"; includeInIndex = 0; path = SimpleInsertTest; sourceTree = BUILT_PRODUCTS_DIR; };
		93D50956110D4A0F00E5D2F0 /* SimpleInsertTest.m */ = {isa = PBXFileReference; fileEncoding = 4; lastKnownFileType = sourcecode.c.objc; path = SimpleInsertTest.m; sourceTree = SOURCE_ROOT; };
		93D50A23110D51E000E5D2F0 /* SimpleFetchTest */ = {isa = PBXFileReference; explicitFileType = "compiled.mach-o.executable"; includeInIndex = 0; path = SimpleFetchTest; sourceTree = BUILT_PRODUCTS_DIR; };
		93D50A29110D520D00E5D2F0 /* SimpleFetchTest.m */ = {isa = PBXFileReference; fileEncoding = 4; lastKnownFileType = sourcecode.c.objc; path = SimpleFetchTest.m; sourceTree = SOURCE_ROOT; };
/* End PBXFileReference section */

/* Begin PBXFrameworksBuildPhase section */
		934ECE741116290500F8C0E5 /* Frameworks */ = {
			isa = PBXFrameworksBuildPhase;
			buildActionMask = 2147483647;
			files = (
				93A7B6C711E69A6C00C671F3 /* libcrypto.dylib in Frameworks */,
				934ECE751116290500F8C0E5 /* Foundation.framework in Frameworks */,
				934ECE761116290500F8C0E5 /* libtokyocabinet.a in Frameworks */,
			);
			runOnlyForDeploymentPostprocessing = 0;
		};
		937F31FC11318E6B0035B7EC /* Frameworks */ = {
			isa = PBXFrameworksBuildPhase;
			buildActionMask = 2147483647;
			files = (
				937F31FD11318E6B0035B7EC /* Foundation.framework in Frameworks */,
				937F31FE11318E6B0035B7EC /* libtokyocabinet.a in Frameworks */,
				937F32C311319BAE0035B7EC /* libtokyodystopia.a in Frameworks */,
				93A7B6C811E69A7900C671F3 /* libcrypto.dylib in Frameworks */,
			);
			runOnlyForDeploymentPostprocessing = 0;
		};
		937F33261131AAA60035B7EC /* Frameworks */ = {
			isa = PBXFrameworksBuildPhase;
			buildActionMask = 2147483647;
			files = (
				937F33271131AAA60035B7EC /* Foundation.framework in Frameworks */,
				937F33281131AAA60035B7EC /* libtokyocabinet.a in Frameworks */,
				937F33291131AAA60035B7EC /* libtokyodystopia.a in Frameworks */,
				93A7B6C911E69A7900C671F3 /* libcrypto.dylib in Frameworks */,
			);
			runOnlyForDeploymentPostprocessing = 0;
		};
		93A7B54611E64EA900C671F3 /* Frameworks */ = {
			isa = PBXFrameworksBuildPhase;
			buildActionMask = 2147483647;
			files = (
				93A7B54711E64EA900C671F3 /* Foundation.framework in Frameworks */,
				93A7B54811E64EA900C671F3 /* libtokyocabinet.a in Frameworks */,
				93A7B60011E6591700C671F3 /* libcrypto.dylib in Frameworks */,
			);
			runOnlyForDeploymentPostprocessing = 0;
		};
		93A7B65511E65D6300C671F3 /* Frameworks */ = {
			isa = PBXFrameworksBuildPhase;
			buildActionMask = 2147483647;
			files = (
				93A7B65611E65D6300C671F3 /* Foundation.framework in Frameworks */,
				93A7B65711E65D6300C671F3 /* libtokyocabinet.a in Frameworks */,
				93A7B65811E65D6300C671F3 /* libcrypto.dylib in Frameworks */,
			);
			runOnlyForDeploymentPostprocessing = 0;
		};
		93D50810110CB1D600E5D2F0 /* Frameworks */ = {
			isa = PBXFrameworksBuildPhase;
			buildActionMask = 2147483647;
			files = (
				93A7B6C311E69A5900C671F3 /* libcrypto.dylib in Frameworks */,
				93D5081F110CB23D00E5D2F0 /* Foundation.framework in Frameworks */,
				93D50820110CB23D00E5D2F0 /* libtokyocabinet.a in Frameworks */,
			);
			runOnlyForDeploymentPostprocessing = 0;
		};
		93D508B1110D2E3F00E5D2F0 /* Frameworks */ = {
			isa = PBXFrameworksBuildPhase;
			buildActionMask = 2147483647;
			files = (
				93A7B6C411E69A5D00C671F3 /* libcrypto.dylib in Frameworks */,
				93D508B2110D2E3F00E5D2F0 /* Foundation.framework in Frameworks */,
				93D508B3110D2E3F00E5D2F0 /* libtokyocabinet.a in Frameworks */,
			);
			runOnlyForDeploymentPostprocessing = 0;
		};
		93D50940110D49BB00E5D2F0 /* Frameworks */ = {
			isa = PBXFrameworksBuildPhase;
			buildActionMask = 2147483647;
			files = (
				93A7B6C511E69A6200C671F3 /* libcrypto.dylib in Frameworks */,
				93D50941110D49BB00E5D2F0 /* Foundation.framework in Frameworks */,
				93D50942110D49BB00E5D2F0 /* libtokyocabinet.a in Frameworks */,
			);
			runOnlyForDeploymentPostprocessing = 0;
		};
		93D50A1D110D51E000E5D2F0 /* Frameworks */ = {
			isa = PBXFrameworksBuildPhase;
			buildActionMask = 2147483647;
			files = (
				93A7B6C611E69A6600C671F3 /* libcrypto.dylib in Frameworks */,
				93D50A1E110D51E000E5D2F0 /* Foundation.framework in Frameworks */,
				93D50A1F110D51E000E5D2F0 /* libtokyocabinet.a in Frameworks */,
			);
			runOnlyForDeploymentPostprocessing = 0;
		};
/* End PBXFrameworksBuildPhase section */

/* Begin PBXGroup section */
		08FB7794FE84155DC02AAC07 /* TCSpeedTest */ = {
			isa = PBXGroup;
			children = (
				93D50506110B888600E5D2F0 /* BNRPersistence */,
				08FB7795FE84155DC02AAC07 /* Source */,
				08FB779DFE84155DC02AAC07 /* External Frameworks and Libraries */,
				1AB674ADFE9D54B511CA2CBB /* Products */,
			);
			name = TCSpeedTest;
			sourceTree = "<group>";
		};
		08FB7795FE84155DC02AAC07 /* Source */ = {
			isa = PBXGroup;
			children = (
				93A7B66E11E65DBC00C671F3 /* NamedBufferFetchTest.m */,
				93A7B55E11E64F1F00C671F3 /* NamedBufferInsertTest.m */,
				93644C6711134E01008CA083 /* SpeedTest.h */,
				93644C6811134E01008CA083 /* SpeedTest.m */,
				93D50A29110D520D00E5D2F0 /* SimpleFetchTest.m */,
				93D50956110D4A0F00E5D2F0 /* SimpleInsertTest.m */,
				93D50824110CB29000E5D2F0 /* ComplexInsertTest.m */,
				93D508B9110D2E9F00E5D2F0 /* ComplexFetchTest.m */,
				934ECE861116296200F8C0E5 /* SimpleUpdateTest.m */,
				937F320611318EA60035B7EC /* FullTextInsertTest.m */,
				937F33331131AB210035B7EC /* FullTextFetchText.m */,
				93D50514110B8B2700E5D2F0 /* Playlist.h */,
				93D50515110B8B2700E5D2F0 /* Playlist.m */,
				93D50516110B8B2700E5D2F0 /* Song.h */,
				93D50517110B8B2700E5D2F0 /* Song.m */,
			);
			name = Source;
			sourceTree = "<group>";
		};
		08FB779DFE84155DC02AAC07 /* External Frameworks and Libraries */ = {
			isa = PBXGroup;
			children = (
				08FB779EFE84155DC02AAC07 /* Foundation.framework */,
				93D5050A110B8AB300E5D2F0 /* libtokyocabinet.a */,
				9324D36C1129ABD900E8C193 /* libtokyodystopia.a */,
				93A7B5FF11E6591700C671F3 /* libcrypto.dylib */,
			);
			name = "External Frameworks and Libraries";
			sourceTree = "<group>";
		};
		1AB674ADFE9D54B511CA2CBB /* Products */ = {
			isa = PBXGroup;
			children = (
				93D50812110CB1D600E5D2F0 /* ComplexInsertTest */,
				93D508B7110D2E3F00E5D2F0 /* ComplexFetchTest */,
				93D50946110D49BB00E5D2F0 /* SimpleInsertTest */,
				93D50A23110D51E000E5D2F0 /* SimpleFetchTest */,
				934ECE7A1116290500F8C0E5 /* SimpleUpdateTest */,
				937F320211318E6B0035B7EC /* FullTextInsertTest */,
				937F332E1131AAA60035B7EC /* FullTextFetchTest */,
				93A7B54C11E64EA900C671F3 /* NamedBufferInsertTest */,
				93A7B65C11E65D6300C671F3 /* NamedBufferFetchTest */,
			);
			name = Products;
			sourceTree = "<group>";
		};
		9366DA0711120583000A897D /* DataStructures */ = {
			isa = PBXGroup;
			children = (
				93D504D3110B883700E5D2F0 /* BNRClassDictionary.h */,
				93D504D4110B883700E5D2F0 /* BNRClassDictionary.mm */,
				9366D9F711120568000A897D /* BNRUniquingTable.h */,
				9366D9F811120568000A897D /* BNRUniquingTable.m */,
			);
			name = DataStructures;
			sourceTree = "<group>";
		};
		93D50506110B888600E5D2F0 /* BNRPersistence */ = {
			isa = PBXGroup;
			children = (
				9366DA0711120583000A897D /* DataStructures */,
				93D504D1110B883700E5D2F0 /* BNRBackendCursor.h */,
				93D504D2110B883700E5D2F0 /* BNRBackendCursor.m */,
				93D504D5110B883700E5D2F0 /* BNRClassMetaData.h */,
				93D504D6110B883700E5D2F0 /* BNRClassMetaData.m */,
				93D504D7110B883700E5D2F0 /* BNRDataBuffer.h */,
				93D504D8110B883700E5D2F0 /* BNRDataBuffer.m */,
				93D504DF110B883700E5D2F0 /* BNRStore.h */,
				93D504E0110B883700E5D2F0 /* BNRStore.m */,
				93D504E1110B883700E5D2F0 /* BNRStoreBackend.h */,
				93D504E2110B883700E5D2F0 /* BNRStoreBackend.m */,
				93D504E3110B883700E5D2F0 /* BNRStoredObject.h */,
				93D504E4110B883700E5D2F0 /* BNRStoredObject.m */,
				93D504EF110B883700E5D2F0 /* BNRTCBackend.h */,
				93D504F0110B883700E5D2F0 /* BNRTCBackend.mm */,
				93D504F1110B883700E5D2F0 /* BNRTCBackendCursor.h */,
				93D504F2110B883700E5D2F0 /* BNRTCBackendCursor.m */,
				934ECFC5111B3C7F00F8C0E5 /* BNRIndexManager.h */,
				934ECFC6111B3C7F00F8C0E5 /* BNRIndexManager.m */,
				9324D3651129AB7D00E8C193 /* BNRTCIndexManager.h */,
				9324D3661129AB7D00E8C193 /* BNRTCIndexManager.m */,
				93A7B62211E65C4600C671F3 /* BNRCrypto.h */,
				93A7B62311E65C4600C671F3 /* BNRCrypto.m */,
				93A7B62411E65C4600C671F3 /* BNRDataBuffer+Encryption.h */,
				93A7B62511E65C4600C671F3 /* BNRDataBuffer+Encryption.m */,
			);
			name = BNRPersistence;
			sourceTree = "<group>";
		};
/* End PBXGroup section */

/* Begin PBXNativeTarget section */
		934ECE641116290500F8C0E5 /* SimpleUpdateTest */ = {
			isa = PBXNativeTarget;
			buildConfigurationList = 934ECE771116290500F8C0E5 /* Build configuration list for PBXNativeTarget "SimpleUpdateTest" */;
			buildPhases = (
				934ECE651116290500F8C0E5 /* Sources */,
				934ECE741116290500F8C0E5 /* Frameworks */,
			);
			buildRules = (
			);
			dependencies = (
			);
			name = SimpleUpdateTest;
			productName = ComplexInsertTest;
			productReference = 934ECE7A1116290500F8C0E5 /* SimpleUpdateTest */;
			productType = "com.apple.product-type.tool";
		};
		937F31EA11318E6B0035B7EC /* FullTextInsertTest */ = {
			isa = PBXNativeTarget;
			buildConfigurationList = 937F31FF11318E6B0035B7EC /* Build configuration list for PBXNativeTarget "FullTextInsertTest" */;
			buildPhases = (
				937F31EB11318E6B0035B7EC /* Sources */,
				937F31FC11318E6B0035B7EC /* Frameworks */,
				937F32A51131911F0035B7EC /* CopyFiles */,
			);
			buildRules = (
			);
			dependencies = (
			);
			name = FullTextInsertTest;
			productName = ComplexInsertTest;
			productReference = 937F320211318E6B0035B7EC /* FullTextInsertTest */;
			productType = "com.apple.product-type.tool";
		};
		937F33151131AAA60035B7EC /* FullTextFetchTest */ = {
			isa = PBXNativeTarget;
			buildConfigurationList = 937F332B1131AAA60035B7EC /* Build configuration list for PBXNativeTarget "FullTextFetchTest" */;
			buildPhases = (
				937F33161131AAA60035B7EC /* Sources */,
				937F33261131AAA60035B7EC /* Frameworks */,
				937F332A1131AAA60035B7EC /* CopyFiles */,
			);
			buildRules = (
			);
			dependencies = (
			);
			name = FullTextFetchTest;
			productName = ComplexInsertTest;
			productReference = 937F332E1131AAA60035B7EC /* FullTextFetchTest */;
			productType = "com.apple.product-type.tool";
		};
		93A7B53511E64EA900C671F3 /* NamedBufferInsertTest */ = {
			isa = PBXNativeTarget;
			buildConfigurationList = 93A7B54911E64EA900C671F3 /* Build configuration list for PBXNativeTarget "NamedBufferInsertTest" */;
			buildPhases = (
				93A7B53611E64EA900C671F3 /* Sources */,
				93A7B54611E64EA900C671F3 /* Frameworks */,
			);
			buildRules = (
			);
			dependencies = (
			);
			name = NamedBufferInsertTest;
			productName = ComplexInsertTest;
			productReference = 93A7B54C11E64EA900C671F3 /* NamedBufferInsertTest */;
			productType = "com.apple.product-type.tool";
		};
		93A7B64311E65D6300C671F3 /* NamedBufferFetchTest */ = {
			isa = PBXNativeTarget;
			buildConfigurationList = 93A7B65911E65D6300C671F3 /* Build configuration list for PBXNativeTarget "NamedBufferFetchTest" */;
			buildPhases = (
				93A7B64411E65D6300C671F3 /* Sources */,
				93A7B65511E65D6300C671F3 /* Frameworks */,
			);
			buildRules = (
			);
			dependencies = (
			);
			name = NamedBufferFetchTest;
			productName = ComplexInsertTest;
			productReference = 93A7B65C11E65D6300C671F3 /* NamedBufferFetchTest */;
			productType = "com.apple.product-type.tool";
		};
		93D50811110CB1D600E5D2F0 /* ComplexInsertTest */ = {
			isa = PBXNativeTarget;
			buildConfigurationList = 93D50816110CB1FB00E5D2F0 /* Build configuration list for PBXNativeTarget "ComplexInsertTest" */;
			buildPhases = (
				93D5080F110CB1D600E5D2F0 /* Sources */,
				93D50810110CB1D600E5D2F0 /* Frameworks */,
			);
			buildRules = (
			);
			dependencies = (
			);
			name = ComplexInsertTest;
			productName = ComplexInsertTest;
			productReference = 93D50812110CB1D600E5D2F0 /* ComplexInsertTest */;
			productType = "com.apple.product-type.tool";
		};
		93D508A0110D2E3F00E5D2F0 /* ComplexFetchTest */ = {
			isa = PBXNativeTarget;
			buildConfigurationList = 93D508B4110D2E3F00E5D2F0 /* Build configuration list for PBXNativeTarget "ComplexFetchTest" */;
			buildPhases = (
				93D508A1110D2E3F00E5D2F0 /* Sources */,
				93D508B1110D2E3F00E5D2F0 /* Frameworks */,
			);
			buildRules = (
			);
			dependencies = (
			);
			name = ComplexFetchTest;
			productName = ComplexInsertTest;
			productReference = 93D508B7110D2E3F00E5D2F0 /* ComplexFetchTest */;
			productType = "com.apple.product-type.tool";
		};
		93D50930110D49BB00E5D2F0 /* SimpleInsertTest */ = {
			isa = PBXNativeTarget;
			buildConfigurationList = 93D50943110D49BB00E5D2F0 /* Build configuration list for PBXNativeTarget "SimpleInsertTest" */;
			buildPhases = (
				93D50931110D49BB00E5D2F0 /* Sources */,
				93D50940110D49BB00E5D2F0 /* Frameworks */,
			);
			buildRules = (
			);
			dependencies = (
			);
			name = SimpleInsertTest;
			productName = ComplexInsertTest;
			productReference = 93D50946110D49BB00E5D2F0 /* SimpleInsertTest */;
			productType = "com.apple.product-type.tool";
		};
		93D50A0D110D51E000E5D2F0 /* SimpleFetchTest */ = {
			isa = PBXNativeTarget;
			buildConfigurationList = 93D50A20110D51E000E5D2F0 /* Build configuration list for PBXNativeTarget "SimpleFetchTest" */;
			buildPhases = (
				93D50A0E110D51E000E5D2F0 /* Sources */,
				93D50A1D110D51E000E5D2F0 /* Frameworks */,
			);
			buildRules = (
			);
			dependencies = (
			);
			name = SimpleFetchTest;
			productName = ComplexInsertTest;
			productReference = 93D50A23110D51E000E5D2F0 /* SimpleFetchTest */;
			productType = "com.apple.product-type.tool";
		};
/* End PBXNativeTarget section */

/* Begin PBXProject section */
		08FB7793FE84155DC02AAC07 /* Project object */ = {
			isa = PBXProject;
			buildConfigurationList = 1DEB927808733DD40010E9CD /* Build configuration list for PBXProject "TCSpeedTest" */;
			compatibilityVersion = "Xcode 3.1";
			hasScannedForEncodings = 1;
			mainGroup = 08FB7794FE84155DC02AAC07 /* TCSpeedTest */;
			projectDirPath = "";
			projectRoot = "";
			targets = (
				93D50A37110D52C500E5D2F0 /* All */,
				93D50811110CB1D600E5D2F0 /* ComplexInsertTest */,
				93D508A0110D2E3F00E5D2F0 /* ComplexFetchTest */,
				93D50930110D49BB00E5D2F0 /* SimpleInsertTest */,
				93D50A0D110D51E000E5D2F0 /* SimpleFetchTest */,
				934ECE641116290500F8C0E5 /* SimpleUpdateTest */,
				937F31EA11318E6B0035B7EC /* FullTextInsertTest */,
				937F33151131AAA60035B7EC /* FullTextFetchTest */,
				93A7B53511E64EA900C671F3 /* NamedBufferInsertTest */,
				93A7B64311E65D6300C671F3 /* NamedBufferFetchTest */,
			);
		};
/* End PBXProject section */

/* Begin PBXSourcesBuildPhase section */
		934ECE651116290500F8C0E5 /* Sources */ = {
			isa = PBXSourcesBuildPhase;
			buildActionMask = 2147483647;
			files = (
				934ECE661116290500F8C0E5 /* BNRBackendCursor.m in Sources */,
				934ECE671116290500F8C0E5 /* BNRClassDictionary.mm in Sources */,
				934ECE681116290500F8C0E5 /* BNRClassMetaData.m in Sources */,
				934ECE691116290500F8C0E5 /* BNRDataBuffer.m in Sources */,
				934ECE6A1116290500F8C0E5 /* BNRStore.m in Sources */,
				934ECE6B1116290500F8C0E5 /* BNRStoreBackend.m in Sources */,
				934ECE6C1116290500F8C0E5 /* BNRStoredObject.m in Sources */,
				934ECE6D1116290500F8C0E5 /* BNRTCBackend.mm in Sources */,
				934ECE6E1116290500F8C0E5 /* BNRTCBackendCursor.m in Sources */,
				934ECE6F1116290500F8C0E5 /* Playlist.m in Sources */,
				934ECE701116290500F8C0E5 /* Song.m in Sources */,
				934ECE721116290500F8C0E5 /* BNRUniquingTable.m in Sources */,
				934ECE731116290500F8C0E5 /* SpeedTest.m in Sources */,
				934ECE871116296200F8C0E5 /* SimpleUpdateTest.m in Sources */,
				934ECFC7111B3C7F00F8C0E5 /* BNRIndexManager.m in Sources */,
				93A7B62C11E65C4600C671F3 /* BNRCrypto.m in Sources */,
				93A7B62D11E65C4600C671F3 /* BNRDataBuffer+Encryption.m in Sources */,
			);
			runOnlyForDeploymentPostprocessing = 0;
		};
		937F31EB11318E6B0035B7EC /* Sources */ = {
			isa = PBXSourcesBuildPhase;
			buildActionMask = 2147483647;
			files = (
				937F33751131CA600035B7EC /* Song.m in Sources */,
				937F31EC11318E6B0035B7EC /* BNRBackendCursor.m in Sources */,
				937F31ED11318E6B0035B7EC /* BNRClassDictionary.mm in Sources */,
				937F31EE11318E6B0035B7EC /* BNRClassMetaData.m in Sources */,
				937F31EF11318E6B0035B7EC /* BNRDataBuffer.m in Sources */,
				937F31F011318E6B0035B7EC /* BNRStore.m in Sources */,
				937F31F111318E6B0035B7EC /* BNRStoreBackend.m in Sources */,
				937F31F211318E6B0035B7EC /* BNRStoredObject.m in Sources */,
				937F31F311318E6B0035B7EC /* BNRTCBackend.mm in Sources */,
				937F31F411318E6B0035B7EC /* BNRTCBackendCursor.m in Sources */,
				937F31F811318E6B0035B7EC /* BNRUniquingTable.m in Sources */,
				937F31F911318E6B0035B7EC /* SpeedTest.m in Sources */,
				937F31FA11318E6B0035B7EC /* BNRIndexManager.m in Sources */,
				937F31FB11318E6B0035B7EC /* BNRTCIndexManager.m in Sources */,
				937F320711318EA60035B7EC /* FullTextInsertTest.m in Sources */,
				93A7B62A11E65C4600C671F3 /* BNRCrypto.m in Sources */,
				93A7B62B11E65C4600C671F3 /* BNRDataBuffer+Encryption.m in Sources */,
			);
			runOnlyForDeploymentPostprocessing = 0;
		};
		937F33161131AAA60035B7EC /* Sources */ = {
			isa = PBXSourcesBuildPhase;
			buildActionMask = 2147483647;
			files = (
				937F33761131CA690035B7EC /* Song.m in Sources */,
				937F33171131AAA60035B7EC /* BNRBackendCursor.m in Sources */,
				937F33181131AAA60035B7EC /* BNRClassDictionary.mm in Sources */,
				937F33191131AAA60035B7EC /* BNRClassMetaData.m in Sources */,
				937F331A1131AAA60035B7EC /* BNRDataBuffer.m in Sources */,
				937F331B1131AAA60035B7EC /* BNRStore.m in Sources */,
				937F331C1131AAA60035B7EC /* BNRStoreBackend.m in Sources */,
				937F331D1131AAA60035B7EC /* BNRStoredObject.m in Sources */,
				937F331E1131AAA60035B7EC /* BNRTCBackend.mm in Sources */,
				937F331F1131AAA60035B7EC /* BNRTCBackendCursor.m in Sources */,
				937F33201131AAA60035B7EC /* BNRUniquingTable.m in Sources */,
				937F33211131AAA60035B7EC /* SpeedTest.m in Sources */,
				937F33221131AAA60035B7EC /* BNRIndexManager.m in Sources */,
				937F33231131AAA60035B7EC /* BNRTCIndexManager.m in Sources */,
				937F33341131AB210035B7EC /* FullTextFetchText.m in Sources */,
				93A7B62811E65C4600C671F3 /* BNRCrypto.m in Sources */,
				93A7B62911E65C4600C671F3 /* BNRDataBuffer+Encryption.m in Sources */,
			);
			runOnlyForDeploymentPostprocessing = 0;
		};
		93A7B53611E64EA900C671F3 /* Sources */ = {
			isa = PBXSourcesBuildPhase;
			buildActionMask = 2147483647;
			files = (
				93A7B53711E64EA900C671F3 /* BNRBackendCursor.m in Sources */,
				93A7B53811E64EA900C671F3 /* BNRClassDictionary.mm in Sources */,
				93A7B53911E64EA900C671F3 /* BNRClassMetaData.m in Sources */,
				93A7B53A11E64EA900C671F3 /* BNRDataBuffer.m in Sources */,
				93A7B53B11E64EA900C671F3 /* BNRStore.m in Sources */,
				93A7B53C11E64EA900C671F3 /* BNRStoreBackend.m in Sources */,
				93A7B53D11E64EA900C671F3 /* BNRStoredObject.m in Sources */,
				93A7B53E11E64EA900C671F3 /* BNRTCBackend.mm in Sources */,
				93A7B53F11E64EA900C671F3 /* BNRTCBackendCursor.m in Sources */,
				93A7B54111E64EA900C671F3 /* Song.m in Sources */,
				93A7B54311E64EA900C671F3 /* BNRUniquingTable.m in Sources */,
				93A7B54411E64EA900C671F3 /* SpeedTest.m in Sources */,
				93A7B54511E64EA900C671F3 /* BNRIndexManager.m in Sources */,
				93A7B55F11E64F1F00C671F3 /* NamedBufferInsertTest.m in Sources */,
				93A7B62611E65C4600C671F3 /* BNRCrypto.m in Sources */,
				93A7B62711E65C4600C671F3 /* BNRDataBuffer+Encryption.m in Sources */,
			);
			runOnlyForDeploymentPostprocessing = 0;
		};
		93A7B64411E65D6300C671F3 /* Sources */ = {
			isa = PBXSourcesBuildPhase;
			buildActionMask = 2147483647;
			files = (
				93A7B64511E65D6300C671F3 /* BNRBackendCursor.m in Sources */,
				93A7B64611E65D6300C671F3 /* BNRClassDictionary.mm in Sources */,
				93A7B64711E65D6300C671F3 /* BNRClassMetaData.m in Sources */,
				93A7B64811E65D6300C671F3 /* BNRDataBuffer.m in Sources */,
				93A7B64911E65D6300C671F3 /* BNRStore.m in Sources */,
				93A7B64A11E65D6300C671F3 /* BNRStoreBackend.m in Sources */,
				93A7B64B11E65D6300C671F3 /* BNRStoredObject.m in Sources */,
				93A7B64C11E65D6300C671F3 /* BNRTCBackend.mm in Sources */,
				93A7B64D11E65D6300C671F3 /* BNRTCBackendCursor.m in Sources */,
				93A7B64E11E65D6300C671F3 /* Song.m in Sources */,
				93A7B64F11E65D6300C671F3 /* BNRUniquingTable.m in Sources */,
				93A7B65011E65D6300C671F3 /* SpeedTest.m in Sources */,
				93A7B65111E65D6300C671F3 /* BNRIndexManager.m in Sources */,
				93A7B65311E65D6300C671F3 /* BNRCrypto.m in Sources */,
				93A7B65411E65D6300C671F3 /* BNRDataBuffer+Encryption.m in Sources */,
				93A7B66F11E65DBC00C671F3 /* NamedBufferFetchTest.m in Sources */,
			);
			runOnlyForDeploymentPostprocessing = 0;
		};
		93D5080F110CB1D600E5D2F0 /* Sources */ = {
			isa = PBXSourcesBuildPhase;
			buildActionMask = 2147483647;
			files = (
				93D50828110CB3E800E5D2F0 /* BNRBackendCursor.m in Sources */,
				93D50829110CB3E800E5D2F0 /* BNRClassDictionary.mm in Sources */,
				93D5082A110CB3E800E5D2F0 /* BNRClassMetaData.m in Sources */,
				93D5082B110CB3E800E5D2F0 /* BNRDataBuffer.m in Sources */,
				93D5082F110CB3E800E5D2F0 /* BNRStore.m in Sources */,
				93D50830110CB3E800E5D2F0 /* BNRStoreBackend.m in Sources */,
				93D50831110CB3E800E5D2F0 /* BNRStoredObject.m in Sources */,
				93D50832110CB3E800E5D2F0 /* BNRTCBackend.mm in Sources */,
				93D50833110CB3E800E5D2F0 /* BNRTCBackendCursor.m in Sources */,
				93D5081A110CB22A00E5D2F0 /* Playlist.m in Sources */,
				93D5081C110CB22A00E5D2F0 /* Song.m in Sources */,
				93D50825110CB29000E5D2F0 /* ComplexInsertTest.m in Sources */,
				9366DA0511120568000A897D /* BNRUniquingTable.m in Sources */,
				93644C6C11134E01008CA083 /* SpeedTest.m in Sources */,
				934ECFCA111B3C7F00F8C0E5 /* BNRIndexManager.m in Sources */,
				93A7B63411E65C4600C671F3 /* BNRCrypto.m in Sources */,
				93A7B63511E65C4600C671F3 /* BNRDataBuffer+Encryption.m in Sources */,
			);
			runOnlyForDeploymentPostprocessing = 0;
		};
		93D508A1110D2E3F00E5D2F0 /* Sources */ = {
			isa = PBXSourcesBuildPhase;
			buildActionMask = 2147483647;
			files = (
				93D508A2110D2E3F00E5D2F0 /* BNRBackendCursor.m in Sources */,
				93D508A3110D2E3F00E5D2F0 /* BNRClassDictionary.mm in Sources */,
				93D508A4110D2E3F00E5D2F0 /* BNRClassMetaData.m in Sources */,
				93D508A5110D2E3F00E5D2F0 /* BNRDataBuffer.m in Sources */,
				93D508A9110D2E3F00E5D2F0 /* BNRStore.m in Sources */,
				93D508AA110D2E3F00E5D2F0 /* BNRStoreBackend.m in Sources */,
				93D508AB110D2E3F00E5D2F0 /* BNRStoredObject.m in Sources */,
				93D508AC110D2E3F00E5D2F0 /* BNRTCBackend.mm in Sources */,
				93D508AD110D2E3F00E5D2F0 /* BNRTCBackendCursor.m in Sources */,
				93D508AE110D2E3F00E5D2F0 /* Playlist.m in Sources */,
				93D508AF110D2E3F00E5D2F0 /* Song.m in Sources */,
				93D508BA110D2E9F00E5D2F0 /* ComplexFetchTest.m in Sources */,
				9366DA0211120568000A897D /* BNRUniquingTable.m in Sources */,
				93644C6B11134E01008CA083 /* SpeedTest.m in Sources */,
				934ECFCB111B3C7F00F8C0E5 /* BNRIndexManager.m in Sources */,
				93A7B63011E65C4600C671F3 /* BNRCrypto.m in Sources */,
				93A7B63111E65C4600C671F3 /* BNRDataBuffer+Encryption.m in Sources */,
			);
			runOnlyForDeploymentPostprocessing = 0;
		};
		93D50931110D49BB00E5D2F0 /* Sources */ = {
			isa = PBXSourcesBuildPhase;
			buildActionMask = 2147483647;
			files = (
				93D50932110D49BB00E5D2F0 /* BNRBackendCursor.m in Sources */,
				93D50933110D49BB00E5D2F0 /* BNRClassDictionary.mm in Sources */,
				93D50934110D49BB00E5D2F0 /* BNRClassMetaData.m in Sources */,
				93D50935110D49BB00E5D2F0 /* BNRDataBuffer.m in Sources */,
				93D50938110D49BB00E5D2F0 /* BNRStore.m in Sources */,
				93D50939110D49BB00E5D2F0 /* BNRStoreBackend.m in Sources */,
				93D5093A110D49BB00E5D2F0 /* BNRStoredObject.m in Sources */,
				93D5093B110D49BB00E5D2F0 /* BNRTCBackend.mm in Sources */,
				93D5093C110D49BB00E5D2F0 /* BNRTCBackendCursor.m in Sources */,
				9366D799110E35D0000A897D /* Playlist.m in Sources */,
				93D5093E110D49BB00E5D2F0 /* Song.m in Sources */,
				93D50957110D4A0F00E5D2F0 /* SimpleInsertTest.m in Sources */,
				9366D9FF11120568000A897D /* BNRUniquingTable.m in Sources */,
				93644C6A11134E01008CA083 /* SpeedTest.m in Sources */,
				934ECFC9111B3C7F00F8C0E5 /* BNRIndexManager.m in Sources */,
				93A7B63211E65C4600C671F3 /* BNRCrypto.m in Sources */,
				93A7B63311E65C4600C671F3 /* BNRDataBuffer+Encryption.m in Sources */,
			);
			runOnlyForDeploymentPostprocessing = 0;
		};
		93D50A0E110D51E000E5D2F0 /* Sources */ = {
			isa = PBXSourcesBuildPhase;
			buildActionMask = 2147483647;
			files = (
				93D50A0F110D51E000E5D2F0 /* BNRBackendCursor.m in Sources */,
				93D50A10110D51E000E5D2F0 /* BNRClassDictionary.mm in Sources */,
				9366D79A110E35DE000A897D /* Playlist.m in Sources */,
				93D50A11110D51E000E5D2F0 /* BNRClassMetaData.m in Sources */,
				93D50A12110D51E000E5D2F0 /* BNRDataBuffer.m in Sources */,
				93D50A15110D51E000E5D2F0 /* BNRStore.m in Sources */,
				93D50A16110D51E000E5D2F0 /* BNRStoreBackend.m in Sources */,
				93D50A17110D51E000E5D2F0 /* BNRStoredObject.m in Sources */,
				93D50A18110D51E000E5D2F0 /* BNRTCBackend.mm in Sources */,
				93D50A19110D51E000E5D2F0 /* BNRTCBackendCursor.m in Sources */,
				93D50A1B110D51E000E5D2F0 /* Song.m in Sources */,
				93D50A2A110D520D00E5D2F0 /* SimpleFetchTest.m in Sources */,
				9366D9FC11120568000A897D /* BNRUniquingTable.m in Sources */,
				93644C6911134E01008CA083 /* SpeedTest.m in Sources */,
				934ECFC8111B3C7F00F8C0E5 /* BNRIndexManager.m in Sources */,
				93A7B62E11E65C4600C671F3 /* BNRCrypto.m in Sources */,
				93A7B62F11E65C4600C671F3 /* BNRDataBuffer+Encryption.m in Sources */,
			);
			runOnlyForDeploymentPostprocessing = 0;
		};
/* End PBXSourcesBuildPhase section */

/* Begin PBXTargetDependency section */
		934ECEB811162D2800F8C0E5 /* PBXTargetDependency */ = {
			isa = PBXTargetDependency;
			target = 934ECE641116290500F8C0E5 /* SimpleUpdateTest */;
			targetProxy = 934ECEB711162D2800F8C0E5 /* PBXContainerItemProxy */;
		};
		937F32B611319A400035B7EC /* PBXTargetDependency */ = {
			isa = PBXTargetDependency;
			target = 937F31EA11318E6B0035B7EC /* FullTextInsertTest */;
			targetProxy = 937F32B511319A400035B7EC /* PBXContainerItemProxy */;
		};
		937F33981131CC0F0035B7EC /* PBXTargetDependency */ = {
			isa = PBXTargetDependency;
			target = 937F33151131AAA60035B7EC /* FullTextFetchTest */;
			targetProxy = 937F33971131CC0F0035B7EC /* PBXContainerItemProxy */;
		};
		93D50A3B110D52D000E5D2F0 /* PBXTargetDependency */ = {
			isa = PBXTargetDependency;
			target = 93D50A0D110D51E000E5D2F0 /* SimpleFetchTest */;
			targetProxy = 93D50A3A110D52D000E5D2F0 /* PBXContainerItemProxy */;
		};
		93D50A3D110D52D000E5D2F0 /* PBXTargetDependency */ = {
			isa = PBXTargetDependency;
			target = 93D50930110D49BB00E5D2F0 /* SimpleInsertTest */;
			targetProxy = 93D50A3C110D52D000E5D2F0 /* PBXContainerItemProxy */;
		};
		93D50A3F110D52D000E5D2F0 /* PBXTargetDependency */ = {
			isa = PBXTargetDependency;
			target = 93D508A0110D2E3F00E5D2F0 /* ComplexFetchTest */;
			targetProxy = 93D50A3E110D52D000E5D2F0 /* PBXContainerItemProxy */;
		};
		93D50A41110D52D000E5D2F0 /* PBXTargetDependency */ = {
			isa = PBXTargetDependency;
			target = 93D50811110CB1D600E5D2F0 /* ComplexInsertTest */;
			targetProxy = 93D50A40110D52D000E5D2F0 /* PBXContainerItemProxy */;
		};
/* End PBXTargetDependency section */

/* Begin XCBuildConfiguration section */
		1DEB927908733DD40010E9CD /* Debug */ = {
			isa = XCBuildConfiguration;
			buildSettings = {
				ARCHS = "$(ARCHS_STANDARD_32_64_BIT)";
				GCC_C_LANGUAGE_STANDARD = gnu99;
				GCC_OPTIMIZATION_LEVEL = 0;
				GCC_WARN_ABOUT_RETURN_TYPE = YES;
				GCC_WARN_UNUSED_VARIABLE = YES;
				ONLY_ACTIVE_ARCH = YES;
				PREBINDING = NO;
				SDKROOT = macosx10.5;
			};
			name = Debug;
		};
		1DEB927A08733DD40010E9CD /* Release */ = {
			isa = XCBuildConfiguration;
			buildSettings = {
				ARCHS = "$(ARCHS_STANDARD_32_64_BIT)";
				GCC_C_LANGUAGE_STANDARD = gnu99;
				GCC_WARN_ABOUT_RETURN_TYPE = YES;
				GCC_WARN_UNUSED_VARIABLE = YES;
				PREBINDING = NO;
				SDKROOT = macosx10.5;
			};
			name = Release;
		};
		934ECE781116290500F8C0E5 /* Debug */ = {
			isa = XCBuildConfiguration;
			buildSettings = {
				ALWAYS_SEARCH_USER_PATHS = NO;
				ARCHS = "$(ARCHS_STANDARD_64_BIT)";
				COPY_PHASE_STRIP = NO;
				GCC_DYNAMIC_NO_PIC = NO;
				GCC_ENABLE_FIX_AND_CONTINUE = YES;
				GCC_MODEL_TUNING = G5;
				GCC_OPTIMIZATION_LEVEL = 0;
				GCC_PRECOMPILE_PREFIX_HEADER = YES;
				GCC_PREFIX_HEADER = "$(SYSTEM_LIBRARY_DIR)/Frameworks/AppKit.framework/Headers/AppKit.h";
				HEADER_SEARCH_PATHS = /usr/local/include;
				INSTALL_PATH = /usr/local/bin;
				OTHER_LDFLAGS = (
					"-framework",
					Foundation,
					"-framework",
					AppKit,
				);
				PREBINDING = NO;
				PRODUCT_NAME = SimpleUpdateTest;
			};
			name = Debug;
		};
		934ECE791116290500F8C0E5 /* Release */ = {
			isa = XCBuildConfiguration;
			buildSettings = {
				ALWAYS_SEARCH_USER_PATHS = NO;
				ARCHS = "$(ARCHS_STANDARD_64_BIT)";
				COPY_PHASE_STRIP = YES;
				DEBUG_INFORMATION_FORMAT = "dwarf-with-dsym";
				GCC_ENABLE_FIX_AND_CONTINUE = NO;
				GCC_MODEL_TUNING = G5;
				GCC_PRECOMPILE_PREFIX_HEADER = YES;
				GCC_PREFIX_HEADER = "$(SYSTEM_LIBRARY_DIR)/Frameworks/AppKit.framework/Headers/AppKit.h";
				HEADER_SEARCH_PATHS = /usr/local/include;
				INSTALL_PATH = /usr/local/bin;
				OTHER_LDFLAGS = (
					"-framework",
					Foundation,
					"-framework",
					AppKit,
				);
				PREBINDING = NO;
				PRODUCT_NAME = SimpleUpdateTest;
				ZERO_LINK = NO;
			};
			name = Release;
		};
		937F320011318E6B0035B7EC /* Debug */ = {
			isa = XCBuildConfiguration;
			buildSettings = {
				ALWAYS_SEARCH_USER_PATHS = NO;
				ARCHS = "$(ARCHS_STANDARD_64_BIT)";
				COPY_PHASE_STRIP = NO;
				GCC_DYNAMIC_NO_PIC = NO;
				GCC_ENABLE_FIX_AND_CONTINUE = YES;
				GCC_MODEL_TUNING = G5;
				GCC_OPTIMIZATION_LEVEL = 0;
				GCC_PRECOMPILE_PREFIX_HEADER = YES;
				GCC_PREFIX_HEADER = "";
				HEADER_SEARCH_PATHS = /usr/local/include;
				INSTALL_PATH = /usr/local/bin;
				OTHER_LDFLAGS = (
					"-framework",
					Foundation,
				);
				PREBINDING = NO;
				PRODUCT_NAME = FullTextInsertTest;
				RUN_CLANG_STATIC_ANALYZER = NO;
			};
			name = Debug;
		};
		937F320111318E6B0035B7EC /* Release */ = {
			isa = XCBuildConfiguration;
			buildSettings = {
				ALWAYS_SEARCH_USER_PATHS = NO;
				ARCHS = "$(ARCHS_STANDARD_64_BIT)";
				COPY_PHASE_STRIP = YES;
				DEBUG_INFORMATION_FORMAT = "dwarf-with-dsym";
				GCC_ENABLE_FIX_AND_CONTINUE = NO;
				GCC_MODEL_TUNING = G5;
				GCC_PRECOMPILE_PREFIX_HEADER = YES;
				GCC_PREFIX_HEADER = "";
				HEADER_SEARCH_PATHS = /usr/local/include;
				INSTALL_PATH = /usr/local/bin;
				OTHER_LDFLAGS = (
					"-framework",
					Foundation,
				);
				PREBINDING = NO;
				PRODUCT_NAME = FullTextInsertTest;
				RUN_CLANG_STATIC_ANALYZER = NO;
				ZERO_LINK = NO;
			};
			name = Release;
		};
		937F332C1131AAA60035B7EC /* Debug */ = {
			isa = XCBuildConfiguration;
			buildSettings = {
				ALWAYS_SEARCH_USER_PATHS = NO;
				ARCHS = "$(ARCHS_STANDARD_64_BIT)";
				COPY_PHASE_STRIP = NO;
				GCC_DYNAMIC_NO_PIC = NO;
				GCC_ENABLE_FIX_AND_CONTINUE = YES;
				GCC_MODEL_TUNING = G5;
				GCC_OPTIMIZATION_LEVEL = 0;
				GCC_PRECOMPILE_PREFIX_HEADER = YES;
				GCC_PREFIX_HEADER = "";
				HEADER_SEARCH_PATHS = /usr/local/include;
				INSTALL_PATH = /usr/local/bin;
				OTHER_LDFLAGS = (
					"-framework",
					Foundation,
				);
				PREBINDING = NO;
				PRODUCT_NAME = FullTextFetchTest;
				RUN_CLANG_STATIC_ANALYZER = NO;
			};
			name = Debug;
		};
		937F332D1131AAA60035B7EC /* Release */ = {
			isa = XCBuildConfiguration;
			buildSettings = {
				ALWAYS_SEARCH_USER_PATHS = NO;
				ARCHS = "$(ARCHS_STANDARD_64_BIT)";
				COPY_PHASE_STRIP = YES;
				DEBUG_INFORMATION_FORMAT = "dwarf-with-dsym";
				GCC_ENABLE_FIX_AND_CONTINUE = NO;
				GCC_MODEL_TUNING = G5;
				GCC_PRECOMPILE_PREFIX_HEADER = YES;
				GCC_PREFIX_HEADER = "";
				HEADER_SEARCH_PATHS = /usr/local/include;
				INSTALL_PATH = /usr/local/bin;
				OTHER_LDFLAGS = (
					"-framework",
					Foundation,
				);
				PREBINDING = NO;
				PRODUCT_NAME = FullTextFetchTest;
				RUN_CLANG_STATIC_ANALYZER = NO;
				ZERO_LINK = NO;
			};
			name = Release;
		};
		93A7B54A11E64EA900C671F3 /* Debug */ = {
			isa = XCBuildConfiguration;
			buildSettings = {
				ALWAYS_SEARCH_USER_PATHS = NO;
				ARCHS = "$(ARCHS_STANDARD_64_BIT)";
				COPY_PHASE_STRIP = NO;
				GCC_DYNAMIC_NO_PIC = NO;
				GCC_ENABLE_FIX_AND_CONTINUE = YES;
				GCC_MODEL_TUNING = G5;
				GCC_OPTIMIZATION_LEVEL = 0;
				GCC_PRECOMPILE_PREFIX_HEADER = YES;
				GCC_PREFIX_HEADER = "";
				HEADER_SEARCH_PATHS = /usr/local/include;
				INSTALL_PATH = /usr/local/bin;
				OTHER_LDFLAGS = (
					"-framework",
					Foundation,
				);
				PREBINDING = NO;
				PRODUCT_NAME = NamedBufferInsertTest;
				RUN_CLANG_STATIC_ANALYZER = YES;
			};
			name = Debug;
		};
		93A7B54B11E64EA900C671F3 /* Release */ = {
			isa = XCBuildConfiguration;
			buildSettings = {
				ALWAYS_SEARCH_USER_PATHS = NO;
				ARCHS = "$(ARCHS_STANDARD_64_BIT)";
				COPY_PHASE_STRIP = YES;
				DEBUG_INFORMATION_FORMAT = "dwarf-with-dsym";
				GCC_ENABLE_FIX_AND_CONTINUE = NO;
				GCC_MODEL_TUNING = G5;
				GCC_PRECOMPILE_PREFIX_HEADER = YES;
				GCC_PREFIX_HEADER = "";
				HEADER_SEARCH_PATHS = /usr/local/include;
				INSTALL_PATH = /usr/local/bin;
				OTHER_LDFLAGS = (
					"-framework",
					Foundation,
				);
				PREBINDING = NO;
				PRODUCT_NAME = NamedBufferInsertTest;
				RUN_CLANG_STATIC_ANALYZER = YES;
				ZERO_LINK = NO;
			};
			name = Release;
		};
		93A7B65A11E65D6300C671F3 /* Debug */ = {
			isa = XCBuildConfiguration;
			buildSettings = {
				ALWAYS_SEARCH_USER_PATHS = NO;
				ARCHS = "$(ARCHS_STANDARD_64_BIT)";
				COPY_PHASE_STRIP = NO;
				GCC_DYNAMIC_NO_PIC = NO;
				GCC_ENABLE_FIX_AND_CONTINUE = YES;
				GCC_MODEL_TUNING = G5;
				GCC_OPTIMIZATION_LEVEL = 0;
				GCC_PRECOMPILE_PREFIX_HEADER = YES;
				GCC_PREFIX_HEADER = "";
				HEADER_SEARCH_PATHS = /usr/local/include;
				INSTALL_PATH = /usr/local/bin;
				OTHER_LDFLAGS = (
					"-framework",
					Foundation,
				);
				PREBINDING = NO;
				PRODUCT_NAME = NamedBufferFetchTest;
				RUN_CLANG_STATIC_ANALYZER = YES;
			};
			name = Debug;
		};
		93A7B65B11E65D6300C671F3 /* Release */ = {
			isa = XCBuildConfiguration;
			buildSettings = {
				ALWAYS_SEARCH_USER_PATHS = NO;
				ARCHS = "$(ARCHS_STANDARD_64_BIT)";
				COPY_PHASE_STRIP = YES;
				DEBUG_INFORMATION_FORMAT = "dwarf-with-dsym";
				GCC_ENABLE_FIX_AND_CONTINUE = NO;
				GCC_MODEL_TUNING = G5;
				GCC_PRECOMPILE_PREFIX_HEADER = YES;
				GCC_PREFIX_HEADER = "";
				HEADER_SEARCH_PATHS = /usr/local/include;
				INSTALL_PATH = /usr/local/bin;
				OTHER_LDFLAGS = (
					"-framework",
					Foundation,
				);
				PREBINDING = NO;
				PRODUCT_NAME = NamedBufferFetchTest;
				RUN_CLANG_STATIC_ANALYZER = YES;
				ZERO_LINK = NO;
			};
			name = Release;
		};
		93D50814110CB1D700E5D2F0 /* Debug */ = {
			isa = XCBuildConfiguration;
			buildSettings = {
				ALWAYS_SEARCH_USER_PATHS = NO;
				ARCHS = "$(ARCHS_STANDARD_64_BIT)";
				COPY_PHASE_STRIP = NO;
				GCC_DYNAMIC_NO_PIC = NO;
				GCC_ENABLE_FIX_AND_CONTINUE = YES;
				GCC_MODEL_TUNING = G5;
				GCC_OPTIMIZATION_LEVEL = 0;
				GCC_PRECOMPILE_PREFIX_HEADER = YES;
				GCC_PREFIX_HEADER = "";
				HEADER_SEARCH_PATHS = /usr/local/include;
				INSTALL_PATH = /usr/local/bin;
				OTHER_LDFLAGS = (
					"-framework",
					Foundation,
				);
				PREBINDING = NO;
				PRODUCT_NAME = ComplexInsertTest;
				RUN_CLANG_STATIC_ANALYZER = YES;
			};
			name = Debug;
		};
		93D50815110CB1D700E5D2F0 /* Release */ = {
			isa = XCBuildConfiguration;
			buildSettings = {
				ALWAYS_SEARCH_USER_PATHS = NO;
				ARCHS = "$(ARCHS_STANDARD_64_BIT)";
				COPY_PHASE_STRIP = YES;
				DEBUG_INFORMATION_FORMAT = "dwarf-with-dsym";
				GCC_ENABLE_FIX_AND_CONTINUE = NO;
				GCC_MODEL_TUNING = G5;
				GCC_PRECOMPILE_PREFIX_HEADER = YES;
				GCC_PREFIX_HEADER = "";
				HEADER_SEARCH_PATHS = /usr/local/include;
				INSTALL_PATH = /usr/local/bin;
				OTHER_LDFLAGS = (
					"-framework",
					Foundation,
				);
				PREBINDING = NO;
				PRODUCT_NAME = ComplexInsertTest;
				RUN_CLANG_STATIC_ANALYZER = YES;
				ZERO_LINK = NO;
			};
			name = Release;
		};
		93D508B5110D2E3F00E5D2F0 /* Debug */ = {
			isa = XCBuildConfiguration;
			buildSettings = {
				ALWAYS_SEARCH_USER_PATHS = NO;
				ARCHS = "$(ARCHS_STANDARD_64_BIT)";
				COPY_PHASE_STRIP = NO;
				GCC_DYNAMIC_NO_PIC = NO;
				GCC_ENABLE_FIX_AND_CONTINUE = YES;
				GCC_MODEL_TUNING = G5;
				GCC_OPTIMIZATION_LEVEL = 0;
				GCC_PRECOMPILE_PREFIX_HEADER = YES;
				GCC_PREFIX_HEADER = "$(SYSTEM_LIBRARY_DIR)/Frameworks/AppKit.framework/Headers/AppKit.h";
				HEADER_SEARCH_PATHS = /usr/local/include;
				INSTALL_PATH = /usr/local/bin;
				OTHER_LDFLAGS = (
					"-framework",
					Foundation,
					"-framework",
					AppKit,
				);
				PREBINDING = NO;
				PRODUCT_NAME = ComplexFetchTest;
			};
			name = Debug;
		};
		93D508B6110D2E3F00E5D2F0 /* Release */ = {
			isa = XCBuildConfiguration;
			buildSettings = {
				ALWAYS_SEARCH_USER_PATHS = NO;
				ARCHS = "$(ARCHS_STANDARD_64_BIT)";
				COPY_PHASE_STRIP = YES;
				DEBUG_INFORMATION_FORMAT = "dwarf-with-dsym";
				GCC_ENABLE_FIX_AND_CONTINUE = NO;
				GCC_MODEL_TUNING = G5;
				GCC_PRECOMPILE_PREFIX_HEADER = YES;
				GCC_PREFIX_HEADER = "$(SYSTEM_LIBRARY_DIR)/Frameworks/AppKit.framework/Headers/AppKit.h";
				HEADER_SEARCH_PATHS = /usr/local/include;
				INSTALL_PATH = /usr/local/bin;
				OTHER_LDFLAGS = (
					"-framework",
					Foundation,
					"-framework",
					AppKit,
				);
				PREBINDING = NO;
				PRODUCT_NAME = ComplexFetchTest;
				ZERO_LINK = NO;
			};
			name = Release;
		};
		93D50944110D49BB00E5D2F0 /* Debug */ = {
			isa = XCBuildConfiguration;
			buildSettings = {
				ALWAYS_SEARCH_USER_PATHS = NO;
				ARCHS = "$(ARCHS_STANDARD_64_BIT)";
				COPY_PHASE_STRIP = NO;
				GCC_DYNAMIC_NO_PIC = NO;
				GCC_ENABLE_FIX_AND_CONTINUE = YES;
				GCC_MODEL_TUNING = G5;
				GCC_OPTIMIZATION_LEVEL = 0;
				GCC_PRECOMPILE_PREFIX_HEADER = YES;
				GCC_PREFIX_HEADER = "$(SYSTEM_LIBRARY_DIR)/Frameworks/AppKit.framework/Headers/AppKit.h";
				HEADER_SEARCH_PATHS = /usr/local/include;
				INSTALL_PATH = /usr/local/bin;
				OTHER_LDFLAGS = (
					"-framework",
					Foundation,
					"-framework",
					AppKit,
				);
				PREBINDING = NO;
				PRODUCT_NAME = SimpleInsertTest;
			};
			name = Debug;
		};
		93D50945110D49BB00E5D2F0 /* Release */ = {
			isa = XCBuildConfiguration;
			buildSettings = {
				ALWAYS_SEARCH_USER_PATHS = NO;
				ARCHS = "$(ARCHS_STANDARD_64_BIT)";
				COPY_PHASE_STRIP = YES;
				DEBUG_INFORMATION_FORMAT = "dwarf-with-dsym";
				GCC_ENABLE_FIX_AND_CONTINUE = NO;
				GCC_MODEL_TUNING = G5;
				GCC_PRECOMPILE_PREFIX_HEADER = YES;
				GCC_PREFIX_HEADER = "$(SYSTEM_LIBRARY_DIR)/Frameworks/AppKit.framework/Headers/AppKit.h";
				HEADER_SEARCH_PATHS = /usr/local/include;
				INSTALL_PATH = /usr/local/bin;
				OTHER_LDFLAGS = (
					"-framework",
					Foundation,
					"-framework",
					AppKit,
				);
				PREBINDING = NO;
				PRODUCT_NAME = SimpleInsertTest;
				ZERO_LINK = NO;
			};
			name = Release;
		};
		93D50A21110D51E000E5D2F0 /* Debug */ = {
			isa = XCBuildConfiguration;
			buildSettings = {
				ALWAYS_SEARCH_USER_PATHS = NO;
				ARCHS = "$(ARCHS_STANDARD_64_BIT)";
				COPY_PHASE_STRIP = NO;
				GCC_DYNAMIC_NO_PIC = NO;
				GCC_ENABLE_FIX_AND_CONTINUE = YES;
				GCC_MODEL_TUNING = G5;
				GCC_OPTIMIZATION_LEVEL = 0;
				GCC_PRECOMPILE_PREFIX_HEADER = YES;
				GCC_PREFIX_HEADER = "$(SYSTEM_LIBRARY_DIR)/Frameworks/AppKit.framework/Headers/AppKit.h";
				HEADER_SEARCH_PATHS = /usr/local/include;
				INSTALL_PATH = /usr/local/bin;
				OTHER_LDFLAGS = (
					"-framework",
					Foundation,
					"-framework",
					AppKit,
				);
				PREBINDING = NO;
				PRODUCT_NAME = SimpleFetchTest;
			};
			name = Debug;
		};
		93D50A22110D51E000E5D2F0 /* Release */ = {
			isa = XCBuildConfiguration;
			buildSettings = {
				ALWAYS_SEARCH_USER_PATHS = NO;
				ARCHS = "$(ARCHS_STANDARD_64_BIT)";
				COPY_PHASE_STRIP = YES;
				DEBUG_INFORMATION_FORMAT = "dwarf-with-dsym";
				GCC_ENABLE_FIX_AND_CONTINUE = NO;
				GCC_MODEL_TUNING = G5;
				GCC_PRECOMPILE_PREFIX_HEADER = YES;
				GCC_PREFIX_HEADER = "$(SYSTEM_LIBRARY_DIR)/Frameworks/AppKit.framework/Headers/AppKit.h";
				HEADER_SEARCH_PATHS = /usr/local/include;
				INSTALL_PATH = /usr/local/bin;
				OTHER_LDFLAGS = (
					"-framework",
					Foundation,
					"-framework",
					AppKit,
				);
				PREBINDING = NO;
				PRODUCT_NAME = SimpleFetchTest;
				ZERO_LINK = NO;
			};
			name = Release;
		};
		93D50A38110D52C500E5D2F0 /* Debug */ = {
			isa = XCBuildConfiguration;
			buildSettings = {
				COPY_PHASE_STRIP = NO;
				GCC_DYNAMIC_NO_PIC = NO;
				GCC_OPTIMIZATION_LEVEL = 0;
				PRODUCT_NAME = All;
			};
			name = Debug;
		};
		93D50A39110D52C500E5D2F0 /* Release */ = {
			isa = XCBuildConfiguration;
			buildSettings = {
				COPY_PHASE_STRIP = YES;
				DEBUG_INFORMATION_FORMAT = "dwarf-with-dsym";
				GCC_ENABLE_FIX_AND_CONTINUE = NO;
				PRODUCT_NAME = All;
				ZERO_LINK = NO;
			};
			name = Release;
		};
/* End XCBuildConfiguration section */

/* Begin XCConfigurationList section */
		1DEB927808733DD40010E9CD /* Build configuration list for PBXProject "TCSpeedTest" */ = {
			isa = XCConfigurationList;
			buildConfigurations = (
				1DEB927908733DD40010E9CD /* Debug */,
				1DEB927A08733DD40010E9CD /* Release */,
			);
			defaultConfigurationIsVisible = 0;
			defaultConfigurationName = Release;
		};
		934ECE771116290500F8C0E5 /* Build configuration list for PBXNativeTarget "SimpleUpdateTest" */ = {
			isa = XCConfigurationList;
			buildConfigurations = (
				934ECE781116290500F8C0E5 /* Debug */,
				934ECE791116290500F8C0E5 /* Release */,
			);
			defaultConfigurationIsVisible = 0;
			defaultConfigurationName = Release;
		};
		937F31FF11318E6B0035B7EC /* Build configuration list for PBXNativeTarget "FullTextInsertTest" */ = {
			isa = XCConfigurationList;
			buildConfigurations = (
				937F320011318E6B0035B7EC /* Debug */,
				937F320111318E6B0035B7EC /* Release */,
			);
			defaultConfigurationIsVisible = 0;
			defaultConfigurationName = Release;
		};
		937F332B1131AAA60035B7EC /* Build configuration list for PBXNativeTarget "FullTextFetchTest" */ = {
			isa = XCConfigurationList;
			buildConfigurations = (
				937F332C1131AAA60035B7EC /* Debug */,
				937F332D1131AAA60035B7EC /* Release */,
			);
			defaultConfigurationIsVisible = 0;
			defaultConfigurationName = Release;
		};
		93A7B54911E64EA900C671F3 /* Build configuration list for PBXNativeTarget "NamedBufferInsertTest" */ = {
			isa = XCConfigurationList;
			buildConfigurations = (
				93A7B54A11E64EA900C671F3 /* Debug */,
				93A7B54B11E64EA900C671F3 /* Release */,
			);
			defaultConfigurationIsVisible = 0;
			defaultConfigurationName = Release;
		};
		93A7B65911E65D6300C671F3 /* Build configuration list for PBXNativeTarget "NamedBufferFetchTest" */ = {
			isa = XCConfigurationList;
			buildConfigurations = (
				93A7B65A11E65D6300C671F3 /* Debug */,
				93A7B65B11E65D6300C671F3 /* Release */,
			);
			defaultConfigurationIsVisible = 0;
			defaultConfigurationName = Release;
		};
		93D50816110CB1FB00E5D2F0 /* Build configuration list for PBXNativeTarget "ComplexInsertTest" */ = {
			isa = XCConfigurationList;
			buildConfigurations = (
				93D50814110CB1D700E5D2F0 /* Debug */,
				93D50815110CB1D700E5D2F0 /* Release */,
			);
			defaultConfigurationIsVisible = 0;
			defaultConfigurationName = Release;
		};
		93D508B4110D2E3F00E5D2F0 /* Build configuration list for PBXNativeTarget "ComplexFetchTest" */ = {
			isa = XCConfigurationList;
			buildConfigurations = (
				93D508B5110D2E3F00E5D2F0 /* Debug */,
				93D508B6110D2E3F00E5D2F0 /* Release */,
			);
			defaultConfigurationIsVisible = 0;
			defaultConfigurationName = Release;
		};
		93D50943110D49BB00E5D2F0 /* Build configuration list for PBXNativeTarget "SimpleInsertTest" */ = {
			isa = XCConfigurationList;
			buildConfigurations = (
				93D50944110D49BB00E5D2F0 /* Debug */,
				93D50945110D49BB00E5D2F0 /* Release */,
			);
			defaultConfigurationIsVisible = 0;
			defaultConfigurationName = Release;
		};
		93D50A20110D51E000E5D2F0 /* Build configuration list for PBXNativeTarget "SimpleFetchTest" */ = {
			isa = XCConfigurationList;
			buildConfigurations = (
				93D50A21110D51E000E5D2F0 /* Debug */,
				93D50A22110D51E000E5D2F0 /* Release */,
			);
			defaultConfigurationIsVisible = 0;
			defaultConfigurationName = Release;
		};
		93D50A49110D52E300E5D2F0 /* Build configuration list for PBXAggregateTarget "All" */ = {
			isa = XCConfigurationList;
			buildConfigurations = (
				93D50A38110D52C500E5D2F0 /* Debug */,
				93D50A39110D52C500E5D2F0 /* Release */,
			);
			defaultConfigurationIsVisible = 0;
			defaultConfigurationName = Release;
		};
/* End XCConfigurationList section */
	};
	rootObject = 08FB7793FE84155DC02AAC07 /* Project object */;
}
