// !$*UTF8*$!
{
	archiveVersion = 1;
	classes = {
	};
	objectVersion = 44;
	objects = {

/* Begin PBXBuildFile section */
		8D15AC2D0486D014006FF6A4 /* MainMenu.nib in Resources */ = {isa = PBXBuildFile; fileRef = 2A37F4B6FDCFA73011CA2CEA /* MainMenu.nib */; };
		8D15AC2E0486D014006FF6A4 /* MyDocument.nib in Resources */ = {isa = PBXBuildFile; fileRef = 2A37F4B4FDCFA73011CA2CEA /* MyDocument.nib */; };
		8D15AC2F0486D014006FF6A4 /* InfoPlist.strings in Resources */ = {isa = PBXBuildFile; fileRef = 089C165FFE840EACC02AAC07 /* InfoPlist.strings */; };
		8D15AC310486D014006FF6A4 /* MyDocument.m in Sources */ = {isa = PBXBuildFile; fileRef = 2A37F4ACFDCFA73011CA2CEA /* MyDocument.m */; settings = {ATTRIBUTES = (); }; };
		8D15AC320486D014006FF6A4 /* main.m in Sources */ = {isa = PBXBuildFile; fileRef = 2A37F4B0FDCFA73011CA2CEA /* main.m */; settings = {ATTRIBUTES = (); }; };
		8D15AC340486D014006FF6A4 /* Cocoa.framework in Frameworks */ = {isa = PBXBuildFile; fileRef = 1058C7A7FEA54F5311CA2CBB /* Cocoa.framework */; };
		93DC92DE0FB634840051F072 /* BNRTCBackend.m in Sources */ = {isa = PBXBuildFile; fileRef = 93DC92DB0FB634840051F072 /* BNRTCBackend.m */; };
		93DC92DF0FB634840051F072 /* BNRTCBackendCursor.m in Sources */ = {isa = PBXBuildFile; fileRef = 93DC92DD0FB634840051F072 /* BNRTCBackendCursor.m */; };
		93DC92EB0FB63FBC0051F072 /* libtokyocabinet.a in Frameworks */ = {isa = PBXBuildFile; fileRef = 93DC92EA0FB63FBC0051F072 /* libtokyocabinet.a */; };
		93F00F8D0D259A1100410C0E /* BNRBackendCursor.m in Sources */ = {isa = PBXBuildFile; fileRef = 93F00F6E0D259A1100410C0E /* BNRBackendCursor.m */; };
		93F00F900D259A1100410C0E /* BNRClassDictionary.m in Sources */ = {isa = PBXBuildFile; fileRef = 93F00F740D259A1100410C0E /* BNRClassDictionary.m */; };
		93F00F910D259A1100410C0E /* BNRClassMetaData.m in Sources */ = {isa = PBXBuildFile; fileRef = 93F00F760D259A1100410C0E /* BNRClassMetaData.m */; };
		93F00F920D259A1100410C0E /* BNRDataBuffer.m in Sources */ = {isa = PBXBuildFile; fileRef = 93F00F780D259A1100410C0E /* BNRDataBuffer.m */; };
		93F00F930D259A1100410C0E /* BNRIntDictionary.m in Sources */ = {isa = PBXBuildFile; fileRef = 93F00F7A0D259A1100410C0E /* BNRIntDictionary.m */; };
		93F00F940D259A1100410C0E /* BNRMapTableEnumerator.m in Sources */ = {isa = PBXBuildFile; fileRef = 93F00F7C0D259A1100410C0E /* BNRMapTableEnumerator.m */; };
		93F00F950D259A1100410C0E /* BNRStore.m in Sources */ = {isa = PBXBuildFile; fileRef = 93F00F7E0D259A1100410C0E /* BNRStore.m */; };
		93F00F960D259A1100410C0E /* BNRStoreBackend.m in Sources */ = {isa = PBXBuildFile; fileRef = 93F00F800D259A1100410C0E /* BNRStoreBackend.m */; };
		93F00F970D259A1100410C0E /* BNRStoredObject.m in Sources */ = {isa = PBXBuildFile; fileRef = 93F00F820D259A1100410C0E /* BNRStoredObject.m */; };
		93F00F980D259A1100410C0E /* BNRStoreDocument.m in Sources */ = {isa = PBXBuildFile; fileRef = 93F00F840D259A1100410C0E /* BNRStoreDocument.m */; };
		93F00FA80D259A6500410C0E /* GRLEdge.m in Sources */ = {isa = PBXBuildFile; fileRef = 93F00FA10D259A6500410C0E /* GRLEdge.m */; };
		93F00FA90D259A6500410C0E /* GRLGraph.m in Sources */ = {isa = PBXBuildFile; fileRef = 93F00FA30D259A6500410C0E /* GRLGraph.m */; };
		93F00FAA0D259A6500410C0E /* GRLGraphView.m in Sources */ = {isa = PBXBuildFile; fileRef = 93F00FA50D259A6500410C0E /* GRLGraphView.m */; };
		93F00FAB0D259A6500410C0E /* GRLNode.m in Sources */ = {isa = PBXBuildFile; fileRef = 93F00FA70D259A6500410C0E /* GRLNode.m */; };
/* End PBXBuildFile section */

/* Begin PBXFileReference section */
		089C1660FE840EACC02AAC07 /* English */ = {isa = PBXFileReference; fileEncoding = 10; lastKnownFileType = text.plist.strings; name = English; path = English.lproj/InfoPlist.strings; sourceTree = "<group>"; };
		1058C7A7FEA54F5311CA2CBB /* Cocoa.framework */ = {isa = PBXFileReference; lastKnownFileType = wrapper.framework; name = Cocoa.framework; path = /System/Library/Frameworks/Cocoa.framework; sourceTree = "<absolute>"; };
		13E42FBA07B3F13500E4EEF1 /* CoreData.framework */ = {isa = PBXFileReference; lastKnownFileType = wrapper.framework; name = CoreData.framework; path = /System/Library/Frameworks/CoreData.framework; sourceTree = "<absolute>"; };
		2A37F4ACFDCFA73011CA2CEA /* MyDocument.m */ = {isa = PBXFileReference; fileEncoding = 4; lastKnownFileType = sourcecode.c.objc; path = MyDocument.m; sourceTree = "<group>"; };
		2A37F4AEFDCFA73011CA2CEA /* MyDocument.h */ = {isa = PBXFileReference; fileEncoding = 4; lastKnownFileType = sourcecode.c.h; path = MyDocument.h; sourceTree = "<group>"; };
		2A37F4B0FDCFA73011CA2CEA /* main.m */ = {isa = PBXFileReference; fileEncoding = 4; lastKnownFileType = sourcecode.c.objc; path = main.m; sourceTree = "<group>"; };
		2A37F4B5FDCFA73011CA2CEA /* English */ = {isa = PBXFileReference; lastKnownFileType = wrapper.nib; name = English; path = English.lproj/MyDocument.nib; sourceTree = "<group>"; };
		2A37F4B7FDCFA73011CA2CEA /* English */ = {isa = PBXFileReference; lastKnownFileType = wrapper.nib; name = English; path = English.lproj/MainMenu.nib; sourceTree = "<group>"; };
		2A37F4C4FDCFA73011CA2CEA /* AppKit.framework */ = {isa = PBXFileReference; lastKnownFileType = wrapper.framework; name = AppKit.framework; path = /System/Library/Frameworks/AppKit.framework; sourceTree = "<absolute>"; };
		2A37F4C5FDCFA73011CA2CEA /* Foundation.framework */ = {isa = PBXFileReference; lastKnownFileType = wrapper.framework; name = Foundation.framework; path = /System/Library/Frameworks/Foundation.framework; sourceTree = "<absolute>"; };
		32DBCF750370BD2300C91783 /* PersistenceTest_Prefix.pch */ = {isa = PBXFileReference; fileEncoding = 4; lastKnownFileType = sourcecode.c.h; path = PersistenceTest_Prefix.pch; sourceTree = "<group>"; };
		8D15AC360486D014006FF6A4 /* Info.plist */ = {isa = PBXFileReference; fileEncoding = 4; lastKnownFileType = text.plist.xml; path = Info.plist; sourceTree = "<group>"; };
		8D15AC370486D014006FF6A4 /* PersistenceTest.app */ = {isa = PBXFileReference; explicitFileType = wrapper.application; includeInIndex = 0; path = PersistenceTest.app; sourceTree = BUILT_PRODUCTS_DIR; };
		93DC92DA0FB634840051F072 /* BNRTCBackend.h */ = {isa = PBXFileReference; fileEncoding = 4; lastKnownFileType = sourcecode.c.h; name = BNRTCBackend.h; path = ../BNRPersistence/BNRTCBackend.h; sourceTree = SOURCE_ROOT; };
		93DC92DB0FB634840051F072 /* BNRTCBackend.m */ = {isa = PBXFileReference; fileEncoding = 4; lastKnownFileType = sourcecode.c.objc; name = BNRTCBackend.m; path = ../BNRPersistence/BNRTCBackend.m; sourceTree = SOURCE_ROOT; };
		93DC92DC0FB634840051F072 /* BNRTCBackendCursor.h */ = {isa = PBXFileReference; fileEncoding = 4; lastKnownFileType = sourcecode.c.h; name = BNRTCBackendCursor.h; path = ../BNRPersistence/BNRTCBackendCursor.h; sourceTree = SOURCE_ROOT; };
		93DC92DD0FB634840051F072 /* BNRTCBackendCursor.m */ = {isa = PBXFileReference; fileEncoding = 4; lastKnownFileType = sourcecode.c.objc; name = BNRTCBackendCursor.m; path = ../BNRPersistence/BNRTCBackendCursor.m; sourceTree = SOURCE_ROOT; };
		93DC92EA0FB63FBC0051F072 /* libtokyocabinet.a */ = {isa = PBXFileReference; lastKnownFileType = archive.ar; name = libtokyocabinet.a; path = /usr/local/lib/libtokyocabinet.a; sourceTree = "<absolute>"; };
		93F00F6D0D259A1100410C0E /* BNRBackendCursor.h */ = {isa = PBXFileReference; fileEncoding = 4; lastKnownFileType = sourcecode.c.h; name = BNRBackendCursor.h; path = ../BNRPersistence/BNRBackendCursor.h; sourceTree = SOURCE_ROOT; };
		93F00F6E0D259A1100410C0E /* BNRBackendCursor.m */ = {isa = PBXFileReference; fileEncoding = 4; lastKnownFileType = sourcecode.c.objc; name = BNRBackendCursor.m; path = ../BNRPersistence/BNRBackendCursor.m; sourceTree = SOURCE_ROOT; };
		93F00F730D259A1100410C0E /* BNRClassDictionary.h */ = {isa = PBXFileReference; fileEncoding = 4; lastKnownFileType = sourcecode.c.h; name = BNRClassDictionary.h; path = ../BNRPersistence/BNRClassDictionary.h; sourceTree = SOURCE_ROOT; };
		93F00F740D259A1100410C0E /* BNRClassDictionary.m */ = {isa = PBXFileReference; fileEncoding = 4; lastKnownFileType = sourcecode.c.objc; name = BNRClassDictionary.m; path = ../BNRPersistence/BNRClassDictionary.m; sourceTree = SOURCE_ROOT; };
		93F00F750D259A1100410C0E /* BNRClassMetaData.h */ = {isa = PBXFileReference; fileEncoding = 4; lastKnownFileType = sourcecode.c.h; name = BNRClassMetaData.h; path = ../BNRPersistence/BNRClassMetaData.h; sourceTree = SOURCE_ROOT; };
		93F00F760D259A1100410C0E /* BNRClassMetaData.m */ = {isa = PBXFileReference; fileEncoding = 4; lastKnownFileType = sourcecode.c.objc; name = BNRClassMetaData.m; path = ../BNRPersistence/BNRClassMetaData.m; sourceTree = SOURCE_ROOT; };
		93F00F770D259A1100410C0E /* BNRDataBuffer.h */ = {isa = PBXFileReference; fileEncoding = 4; lastKnownFileType = sourcecode.c.h; name = BNRDataBuffer.h; path = ../BNRPersistence/BNRDataBuffer.h; sourceTree = SOURCE_ROOT; };
		93F00F780D259A1100410C0E /* BNRDataBuffer.m */ = {isa = PBXFileReference; fileEncoding = 4; lastKnownFileType = sourcecode.c.objc; name = BNRDataBuffer.m; path = ../BNRPersistence/BNRDataBuffer.m; sourceTree = SOURCE_ROOT; };
		93F00F790D259A1100410C0E /* BNRIntDictionary.h */ = {isa = PBXFileReference; fileEncoding = 4; lastKnownFileType = sourcecode.c.h; name = BNRIntDictionary.h; path = ../BNRPersistence/BNRIntDictionary.h; sourceTree = SOURCE_ROOT; };
		93F00F7A0D259A1100410C0E /* BNRIntDictionary.m */ = {isa = PBXFileReference; fileEncoding = 4; lastKnownFileType = sourcecode.c.objc; name = BNRIntDictionary.m; path = ../BNRPersistence/BNRIntDictionary.m; sourceTree = SOURCE_ROOT; };
		93F00F7B0D259A1100410C0E /* BNRMapTableEnumerator.h */ = {isa = PBXFileReference; fileEncoding = 4; lastKnownFileType = sourcecode.c.h; name = BNRMapTableEnumerator.h; path = ../BNRPersistence/BNRMapTableEnumerator.h; sourceTree = SOURCE_ROOT; };
		93F00F7C0D259A1100410C0E /* BNRMapTableEnumerator.m */ = {isa = PBXFileReference; fileEncoding = 4; lastKnownFileType = sourcecode.c.objc; name = BNRMapTableEnumerator.m; path = ../BNRPersistence/BNRMapTableEnumerator.m; sourceTree = SOURCE_ROOT; };
		93F00F7D0D259A1100410C0E /* BNRStore.h */ = {isa = PBXFileReference; fileEncoding = 4; lastKnownFileType = sourcecode.c.h; name = BNRStore.h; path = ../BNRPersistence/BNRStore.h; sourceTree = SOURCE_ROOT; };
		93F00F7E0D259A1100410C0E /* BNRStore.m */ = {isa = PBXFileReference; fileEncoding = 4; lastKnownFileType = sourcecode.c.objc; name = BNRStore.m; path = ../BNRPersistence/BNRStore.m; sourceTree = SOURCE_ROOT; };
		93F00F7F0D259A1100410C0E /* BNRStoreBackend.h */ = {isa = PBXFileReference; fileEncoding = 4; lastKnownFileType = sourcecode.c.h; name = BNRStoreBackend.h; path = ../BNRPersistence/BNRStoreBackend.h; sourceTree = SOURCE_ROOT; };
		93F00F800D259A1100410C0E /* BNRStoreBackend.m */ = {isa = PBXFileReference; fileEncoding = 4; lastKnownFileType = sourcecode.c.objc; name = BNRStoreBackend.m; path = ../BNRPersistence/BNRStoreBackend.m; sourceTree = SOURCE_ROOT; };
		93F00F810D259A1100410C0E /* BNRStoredObject.h */ = {isa = PBXFileReference; fileEncoding = 4; lastKnownFileType = sourcecode.c.h; name = BNRStoredObject.h; path = ../BNRPersistence/BNRStoredObject.h; sourceTree = SOURCE_ROOT; };
		93F00F820D259A1100410C0E /* BNRStoredObject.m */ = {isa = PBXFileReference; fileEncoding = 4; lastKnownFileType = sourcecode.c.objc; name = BNRStoredObject.m; path = ../BNRPersistence/BNRStoredObject.m; sourceTree = SOURCE_ROOT; };
		93F00F830D259A1100410C0E /* BNRStoreDocument.h */ = {isa = PBXFileReference; fileEncoding = 4; lastKnownFileType = sourcecode.c.h; name = BNRStoreDocument.h; path = ../BNRPersistence/BNRStoreDocument.h; sourceTree = SOURCE_ROOT; };
		93F00F840D259A1100410C0E /* BNRStoreDocument.m */ = {isa = PBXFileReference; fileEncoding = 4; lastKnownFileType = sourcecode.c.objc; name = BNRStoreDocument.m; path = ../BNRPersistence/BNRStoreDocument.m; sourceTree = SOURCE_ROOT; };
		93F00FA00D259A6500410C0E /* GRLEdge.h */ = {isa = PBXFileReference; fileEncoding = 4; lastKnownFileType = sourcecode.c.h; path = GRLEdge.h; sourceTree = SOURCE_ROOT; };
		93F00FA10D259A6500410C0E /* GRLEdge.m */ = {isa = PBXFileReference; fileEncoding = 4; lastKnownFileType = sourcecode.c.objc; path = GRLEdge.m; sourceTree = SOURCE_ROOT; };
		93F00FA20D259A6500410C0E /* GRLGraph.h */ = {isa = PBXFileReference; fileEncoding = 4; lastKnownFileType = sourcecode.c.h; path = GRLGraph.h; sourceTree = SOURCE_ROOT; };
		93F00FA30D259A6500410C0E /* GRLGraph.m */ = {isa = PBXFileReference; fileEncoding = 4; lastKnownFileType = sourcecode.c.objc; path = GRLGraph.m; sourceTree = SOURCE_ROOT; };
		93F00FA40D259A6500410C0E /* GRLGraphView.h */ = {isa = PBXFileReference; fileEncoding = 4; lastKnownFileType = sourcecode.c.h; path = GRLGraphView.h; sourceTree = SOURCE_ROOT; };
		93F00FA50D259A6500410C0E /* GRLGraphView.m */ = {isa = PBXFileReference; fileEncoding = 4; lastKnownFileType = sourcecode.c.objc; path = GRLGraphView.m; sourceTree = SOURCE_ROOT; };
		93F00FA60D259A6500410C0E /* GRLNode.h */ = {isa = PBXFileReference; fileEncoding = 4; lastKnownFileType = sourcecode.c.h; path = GRLNode.h; sourceTree = SOURCE_ROOT; };
		93F00FA70D259A6500410C0E /* GRLNode.m */ = {isa = PBXFileReference; fileEncoding = 4; lastKnownFileType = sourcecode.c.objc; path = GRLNode.m; sourceTree = SOURCE_ROOT; };
/* End PBXFileReference section */

/* Begin PBXFrameworksBuildPhase section */
		8D15AC330486D014006FF6A4 /* Frameworks */ = {
			isa = PBXFrameworksBuildPhase;
			buildActionMask = 2147483647;
			files = (
				8D15AC340486D014006FF6A4 /* Cocoa.framework in Frameworks */,
				93DC92EB0FB63FBC0051F072 /* libtokyocabinet.a in Frameworks */,
			);
			runOnlyForDeploymentPostprocessing = 0;
		};
/* End PBXFrameworksBuildPhase section */

/* Begin PBXGroup section */
		1058C7A6FEA54F5311CA2CBB /* Linked Frameworks */ = {
			isa = PBXGroup;
			children = (
				1058C7A7FEA54F5311CA2CBB /* Cocoa.framework */,
			);
			name = "Linked Frameworks";
			sourceTree = "<group>";
		};
		1058C7A8FEA54F5311CA2CBB /* Other Frameworks */ = {
			isa = PBXGroup;
			children = (
				2A37F4C4FDCFA73011CA2CEA /* AppKit.framework */,
				13E42FBA07B3F13500E4EEF1 /* CoreData.framework */,
				2A37F4C5FDCFA73011CA2CEA /* Foundation.framework */,
			);
			name = "Other Frameworks";
			sourceTree = "<group>";
		};
		19C28FB0FE9D524F11CA2CBB /* Products */ = {
			isa = PBXGroup;
			children = (
				8D15AC370486D014006FF6A4 /* PersistenceTest.app */,
			);
			name = Products;
			sourceTree = "<group>";
		};
		2A37F4AAFDCFA73011CA2CEA /* PersistenceTest */ = {
			isa = PBXGroup;
			children = (
				93F00F9F0D259A3100410C0E /* Test classes */,
				2A37F4ABFDCFA73011CA2CEA /* BNRPersistence */,
				2A37F4AFFDCFA73011CA2CEA /* Other Sources */,
				2A37F4B8FDCFA73011CA2CEA /* Resources */,
				2A37F4C3FDCFA73011CA2CEA /* Frameworks */,
				19C28FB0FE9D524F11CA2CBB /* Products */,
			);
			name = PersistenceTest;
			sourceTree = "<group>";
		};
		2A37F4ABFDCFA73011CA2CEA /* BNRPersistence */ = {
			isa = PBXGroup;
			children = (
				93F00F7D0D259A1100410C0E /* BNRStore.h */,
				93F00F7E0D259A1100410C0E /* BNRStore.m */,
				93F00F810D259A1100410C0E /* BNRStoredObject.h */,
				93F00F820D259A1100410C0E /* BNRStoredObject.m */,
				93F00F830D259A1100410C0E /* BNRStoreDocument.h */,
				93F00F840D259A1100410C0E /* BNRStoreDocument.m */,
				93F00F7F0D259A1100410C0E /* BNRStoreBackend.h */,
				93F00F800D259A1100410C0E /* BNRStoreBackend.m */,
				93F00F6D0D259A1100410C0E /* BNRBackendCursor.h */,
				93F00F6E0D259A1100410C0E /* BNRBackendCursor.m */,
				93F00F770D259A1100410C0E /* BNRDataBuffer.h */,
				93F00F780D259A1100410C0E /* BNRDataBuffer.m */,
				93E11C8D0D6E2A860051B3BB /* Private Classes */,
				93DC92830FB633E60051F072 /* Tokyo Cabinet Backend */,
			);
			name = BNRPersistence;
			sourceTree = "<group>";
		};
		2A37F4AFFDCFA73011CA2CEA /* Other Sources */ = {
			isa = PBXGroup;
			children = (
				32DBCF750370BD2300C91783 /* PersistenceTest_Prefix.pch */,
				2A37F4B0FDCFA73011CA2CEA /* main.m */,
			);
			name = "Other Sources";
			sourceTree = "<group>";
		};
		2A37F4B8FDCFA73011CA2CEA /* Resources */ = {
			isa = PBXGroup;
			children = (
				2A37F4B6FDCFA73011CA2CEA /* MainMenu.nib */,
				2A37F4B4FDCFA73011CA2CEA /* MyDocument.nib */,
				8D15AC360486D014006FF6A4 /* Info.plist */,
				089C165FFE840EACC02AAC07 /* InfoPlist.strings */,
			);
			name = Resources;
			sourceTree = "<group>";
		};
		2A37F4C3FDCFA73011CA2CEA /* Frameworks */ = {
			isa = PBXGroup;
			children = (
				93DC92EA0FB63FBC0051F072 /* libtokyocabinet.a */,
				1058C7A6FEA54F5311CA2CBB /* Linked Frameworks */,
				1058C7A8FEA54F5311CA2CBB /* Other Frameworks */,
			);
			name = Frameworks;
			sourceTree = "<group>";
		};
		93DC92830FB633E60051F072 /* Tokyo Cabinet Backend */ = {
			isa = PBXGroup;
			children = (
				93DC92DA0FB634840051F072 /* BNRTCBackend.h */,
				93DC92DB0FB634840051F072 /* BNRTCBackend.m */,
				93DC92DC0FB634840051F072 /* BNRTCBackendCursor.h */,
				93DC92DD0FB634840051F072 /* BNRTCBackendCursor.m */,
			);
			name = "Tokyo Cabinet Backend";
			sourceTree = "<group>";
		};
		93E11C8D0D6E2A860051B3BB /* Private Classes */ = {
			isa = PBXGroup;
			children = (
				93F00F750D259A1100410C0E /* BNRClassMetaData.h */,
				93F00F760D259A1100410C0E /* BNRClassMetaData.m */,
				93F00F730D259A1100410C0E /* BNRClassDictionary.h */,
				93F00F740D259A1100410C0E /* BNRClassDictionary.m */,
				93F00F790D259A1100410C0E /* BNRIntDictionary.h */,
				93F00F7A0D259A1100410C0E /* BNRIntDictionary.m */,
				93F00F7B0D259A1100410C0E /* BNRMapTableEnumerator.h */,
				93F00F7C0D259A1100410C0E /* BNRMapTableEnumerator.m */,
			);
			name = "Private Classes";
			sourceTree = "<group>";
		};
		93F00F9F0D259A3100410C0E /* Test classes */ = {
			isa = PBXGroup;
			children = (
				93F00FA20D259A6500410C0E /* GRLGraph.h */,
				93F00FA30D259A6500410C0E /* GRLGraph.m */,
				93F00FA40D259A6500410C0E /* GRLGraphView.h */,
				93F00FA50D259A6500410C0E /* GRLGraphView.m */,
				93F00FA60D259A6500410C0E /* GRLNode.h */,
				93F00FA70D259A6500410C0E /* GRLNode.m */,
				93F00FA00D259A6500410C0E /* GRLEdge.h */,
				93F00FA10D259A6500410C0E /* GRLEdge.m */,
				2A37F4AEFDCFA73011CA2CEA /* MyDocument.h */,
				2A37F4ACFDCFA73011CA2CEA /* MyDocument.m */,
			);
			name = "Test classes";
			sourceTree = "<group>";
		};
/* End PBXGroup section */

/* Begin PBXNativeTarget section */
		8D15AC270486D014006FF6A4 /* PersistenceTest */ = {
			isa = PBXNativeTarget;
			buildConfigurationList = C05733C708A9546B00998B17 /* Build configuration list for PBXNativeTarget "PersistenceTest" */;
			buildPhases = (
				8D15AC2B0486D014006FF6A4 /* Resources */,
				8D15AC300486D014006FF6A4 /* Sources */,
				8D15AC330486D014006FF6A4 /* Frameworks */,
			);
			buildRules = (
			);
			dependencies = (
			);
			name = PersistenceTest;
			productInstallPath = "$(HOME)/Applications";
			productName = PersistenceTest;
			productReference = 8D15AC370486D014006FF6A4 /* PersistenceTest.app */;
			productType = "com.apple.product-type.application";
		};
/* End PBXNativeTarget section */

/* Begin PBXProject section */
		2A37F4A9FDCFA73011CA2CEA /* Project object */ = {
			isa = PBXProject;
			buildConfigurationList = C05733CB08A9546B00998B17 /* Build configuration list for PBXProject "PersistenceTest" */;
			compatibilityVersion = "Xcode 3.0";
			hasScannedForEncodings = 1;
			mainGroup = 2A37F4AAFDCFA73011CA2CEA /* PersistenceTest */;
			projectDirPath = "";
			projectRoot = "";
			targets = (
				8D15AC270486D014006FF6A4 /* PersistenceTest */,
			);
		};
/* End PBXProject section */

/* Begin PBXResourcesBuildPhase section */
		8D15AC2B0486D014006FF6A4 /* Resources */ = {
			isa = PBXResourcesBuildPhase;
			buildActionMask = 2147483647;
			files = (
				8D15AC2D0486D014006FF6A4 /* MainMenu.nib in Resources */,
				8D15AC2E0486D014006FF6A4 /* MyDocument.nib in Resources */,
				8D15AC2F0486D014006FF6A4 /* InfoPlist.strings in Resources */,
			);
			runOnlyForDeploymentPostprocessing = 0;
		};
/* End PBXResourcesBuildPhase section */

/* Begin PBXSourcesBuildPhase section */
		8D15AC300486D014006FF6A4 /* Sources */ = {
			isa = PBXSourcesBuildPhase;
			buildActionMask = 2147483647;
			files = (
				8D15AC310486D014006FF6A4 /* MyDocument.m in Sources */,
				8D15AC320486D014006FF6A4 /* main.m in Sources */,
				93F00F8D0D259A1100410C0E /* BNRBackendCursor.m in Sources */,
				93F00F900D259A1100410C0E /* BNRClassDictionary.m in Sources */,
				93F00F910D259A1100410C0E /* BNRClassMetaData.m in Sources */,
				93F00F920D259A1100410C0E /* BNRDataBuffer.m in Sources */,
				93F00F930D259A1100410C0E /* BNRIntDictionary.m in Sources */,
				93F00F940D259A1100410C0E /* BNRMapTableEnumerator.m in Sources */,
				93F00F950D259A1100410C0E /* BNRStore.m in Sources */,
				93F00F960D259A1100410C0E /* BNRStoreBackend.m in Sources */,
				93F00F970D259A1100410C0E /* BNRStoredObject.m in Sources */,
				93F00F980D259A1100410C0E /* BNRStoreDocument.m in Sources */,
				93F00FA80D259A6500410C0E /* GRLEdge.m in Sources */,
				93F00FA90D259A6500410C0E /* GRLGraph.m in Sources */,
				93F00FAA0D259A6500410C0E /* GRLGraphView.m in Sources */,
				93F00FAB0D259A6500410C0E /* GRLNode.m in Sources */,
				93DC92DE0FB634840051F072 /* BNRTCBackend.m in Sources */,
				93DC92DF0FB634840051F072 /* BNRTCBackendCursor.m in Sources */,
			);
			runOnlyForDeploymentPostprocessing = 0;
		};
/* End PBXSourcesBuildPhase section */

/* Begin PBXVariantGroup section */
		089C165FFE840EACC02AAC07 /* InfoPlist.strings */ = {
			isa = PBXVariantGroup;
			children = (
				089C1660FE840EACC02AAC07 /* English */,
			);
			name = InfoPlist.strings;
			sourceTree = "<group>";
		};
		2A37F4B4FDCFA73011CA2CEA /* MyDocument.nib */ = {
			isa = PBXVariantGroup;
			children = (
				2A37F4B5FDCFA73011CA2CEA /* English */,
			);
			name = MyDocument.nib;
			sourceTree = "<group>";
		};
		2A37F4B6FDCFA73011CA2CEA /* MainMenu.nib */ = {
			isa = PBXVariantGroup;
			children = (
				2A37F4B7FDCFA73011CA2CEA /* English */,
			);
			name = MainMenu.nib;
			sourceTree = "<group>";
		};
/* End PBXVariantGroup section */

/* Begin XCBuildConfiguration section */
		C05733C808A9546B00998B17 /* Debug */ = {
			isa = XCBuildConfiguration;
			buildSettings = {
				ARCHS = "$(ARCHS_STANDARD_64_BIT_PRE_XCODE_3_1)";
				ARCHS_STANDARD_64_BIT_PRE_XCODE_3_1 = x86_64;
				COPY_PHASE_STRIP = NO;
				GCC_C_LANGUAGE_STANDARD = gnu99;
				GCC_DYNAMIC_NO_PIC = NO;
				GCC_ENABLE_FIX_AND_CONTINUE = YES;
				GCC_ENABLE_OBJC_GC = unsupported;
				GCC_MODEL_TUNING = G5;
				GCC_OPTIMIZATION_LEVEL = 0;
				GCC_PRECOMPILE_PREFIX_HEADER = YES;
				GCC_PREFIX_HEADER = PersistenceTest_Prefix.pch;
				HEADER_SEARCH_PATHS = /usr/local/include;
				INFOPLIST_FILE = Info.plist;
				INSTALL_PATH = "$(HOME)/Applications";
				LIBRARY_SEARCH_PATHS = "$(inherited)";
				PRODUCT_NAME = PersistenceTest;
				SDKROOT = "$(DEVELOPER_SDK_DIR)/MacOSX10.5.sdk";
				USER_HEADER_SEARCH_PATHS = /usr/local/BerkeleyDB/include;
				WRAPPER_EXTENSION = app;
				ZERO_LINK = YES;
			};
			name = Debug;
		};
		C05733C908A9546B00998B17 /* Release */ = {
			isa = XCBuildConfiguration;
			buildSettings = {
				ARCHS = "$(ARCHS_STANDARD_64_BIT_PRE_XCODE_3_1)";
				ARCHS_STANDARD_64_BIT_PRE_XCODE_3_1 = x86_64;
				DEBUG_INFORMATION_FORMAT = "dwarf-with-dsym";
				GCC_C_LANGUAGE_STANDARD = gnu99;
				GCC_ENABLE_OBJC_GC = unsupported;
				GCC_MODEL_TUNING = G5;
				GCC_PRECOMPILE_PREFIX_HEADER = YES;
				GCC_PREFIX_HEADER = PersistenceTest_Prefix.pch;
				HEADER_SEARCH_PATHS = /usr/local/include;
				INFOPLIST_FILE = Info.plist;
				INSTALL_PATH = "$(HOME)/Applications";
				LIBRARY_SEARCH_PATHS = "$(inherited)";
				PRODUCT_NAME = PersistenceTest;
				SDKROOT = "$(DEVELOPER_SDK_DIR)/MacOSX10.6.sdk";
				USER_HEADER_SEARCH_PATHS = /usr/local/BerkeleyDB/include;
				WRAPPER_EXTENSION = app;
			};
			name = Release;
		};
		C05733CC08A9546B00998B17 /* Debug */ = {
			isa = XCBuildConfiguration;
			buildSettings = {
				GCC_WARN_ABOUT_RETURN_TYPE = YES;
				GCC_WARN_UNUSED_VARIABLE = YES;
				PREBINDING = NO;
				SDKROOT = "$(DEVELOPER_SDK_DIR)/MacOSX10.5.sdk";
			};
			name = Debug;
		};
		C05733CD08A9546B00998B17 /* Release */ = {
			isa = XCBuildConfiguration;
			buildSettings = {
				ARCHS = (
					ppc,
					i386,
				);
				GCC_WARN_ABOUT_RETURN_TYPE = YES;
				GCC_WARN_UNUSED_VARIABLE = YES;
				PREBINDING = NO;
				SDKROOT = "$(DEVELOPER_SDK_DIR)/MacOSX10.5.sdk";
			};
			name = Release;
		};
/* End XCBuildConfiguration section */

/* Begin XCConfigurationList section */
		C05733C708A9546B00998B17 /* Build configuration list for PBXNativeTarget "PersistenceTest" */ = {
			isa = XCConfigurationList;
			buildConfigurations = (
				C05733C808A9546B00998B17 /* Debug */,
				C05733C908A9546B00998B17 /* Release */,
			);
			defaultConfigurationIsVisible = 0;
			defaultConfigurationName = Release;
		};
		C05733CB08A9546B00998B17 /* Build configuration list for PBXProject "PersistenceTest" */ = {
			isa = XCConfigurationList;
			buildConfigurations = (
				C05733CC08A9546B00998B17 /* Debug */,
				C05733CD08A9546B00998B17 /* Release */,
			);
			defaultConfigurationIsVisible = 0;
			defaultConfigurationName = Release;
		};
/* End XCConfigurationList section */
	};
	rootObject = 2A37F4A9FDCFA73011CA2CEA /* Project object */;
}
